{
  "object": {
    "pins": [
      {
        "package": "Sentry",
        "repositoryURL": "https://github.com/getsentry/sentry-cocoa.git",
        "state": {
          "branch": null,
          "revision": "2814f3c5e624108bda1d0dccfaabbbf00217d6dc",
          "version": "7.7.0"
        }
      }
    ]
  },
  "version": 1
}
