// !$*UTF8*$!
{
	archiveVersion = 1;
	classes = {
	};
	objectVersion = 50;
	objects = {

/* Begin PBXBuildFile section */
		2705444925B66A0A00FE6D65 /* main.m in Sources */ = {isa = PBXBuildFile; fileRef = 2705444825B66A0A00FE6D65 /* main.m */; };
		2705445225B66B7A00FE6D65 /* iTunesLibrary.framework in Frameworks */ = {isa = PBXBuildFile; fileRef = 2705445125B66B7A00FE6D65 /* iTunesLibrary.framework */; };
		2705445925B670E700FE6D65 /* LibrarySerializer.m in Sources */ = {isa = PBXBuildFile; fileRef = 2705445825B670E700FE6D65 /* LibrarySerializer.m */; };
		272C8E9825C0E59C003CBF47 /* Assets.xcassets in Resources */ = {isa = PBXBuildFile; fileRef = 27EF9A6925BF23920051CE7B /* Assets.xcassets */; };
		273B523325CA672300421B14 /* Defines.m in Sources */ = {isa = PBXBuildFile; fileRef = 273B522F25CA666000421B14 /* Defines.m */; };
		273B523725CA672700421B14 /* Defines.m in Sources */ = {isa = PBXBuildFile; fileRef = 273B522F25CA666000421B14 /* Defines.m */; };
		273B523B25CA6AC700421B14 /* ExportScheduleDelegate.m in Sources */ = {isa = PBXBuildFile; fileRef = 273B522925CA5F3E00421B14 /* ExportScheduleDelegate.m */; };
		273B523F25CA6ACB00421B14 /* ExportScheduleDelegate.m in Sources */ = {isa = PBXBuildFile; fileRef = 273B522925CA5F3E00421B14 /* ExportScheduleDelegate.m */; };
		27533C2A25CAA21300A3B4D9 /* ExportDelegate.m in Sources */ = {isa = PBXBuildFile; fileRef = 27533C2325CAA03C00A3B4D9 /* ExportDelegate.m */; };
		27533C2E25CAA21600A3B4D9 /* ExportDelegate.m in Sources */ = {isa = PBXBuildFile; fileRef = 27533C2325CAA03C00A3B4D9 /* ExportDelegate.m */; };
		276442A225BD3F7600EE217C /* OrderedDictionary.m in Sources */ = {isa = PBXBuildFile; fileRef = 276442A125BD3F7600EE217C /* OrderedDictionary.m */; };
		2783C74925C4FAF2002ED7B7 /* ConfigurationView.xib in Resources */ = {isa = PBXBuildFile; fileRef = 2783C74825C4FAF2002ED7B7 /* ConfigurationView.xib */; };
		2783C75825C4FB60002ED7B7 /* ConfigurationViewController.m in Sources */ = {isa = PBXBuildFile; fileRef = 2783C75725C4FB60002ED7B7 /* ConfigurationViewController.m */; };
		2783C76725C518CC002ED7B7 /* ExportConfiguration.m in Sources */ = {isa = PBXBuildFile; fileRef = 2783C76625C518CC002ED7B7 /* ExportConfiguration.m */; };
		2783C76825C518CC002ED7B7 /* ExportConfiguration.m in Sources */ = {isa = PBXBuildFile; fileRef = 2783C76625C518CC002ED7B7 /* ExportConfiguration.m */; };
		2783C76925C518CC002ED7B7 /* ExportConfiguration.m in Sources */ = {isa = PBXBuildFile; fileRef = 2783C76625C518CC002ED7B7 /* ExportConfiguration.m */; };
		27A2BFC325C085E400AAD73C /* Utils.m in Sources */ = {isa = PBXBuildFile; fileRef = 27C52A7325B69C4B00D829F3 /* Utils.m */; };
		27A2BFC425C085E400AAD73C /* LibraryParser.m in Sources */ = {isa = PBXBuildFile; fileRef = 27CDC90C25BADAFC0032BF79 /* LibraryParser.m */; };
		27A2BFC525C085E400AAD73C /* LibrarySerializer.m in Sources */ = {isa = PBXBuildFile; fileRef = 2705445825B670E700FE6D65 /* LibrarySerializer.m */; };
		27A2BFC625C085E400AAD73C /* OrderedDictionary.m in Sources */ = {isa = PBXBuildFile; fileRef = 276442A125BD3F7600EE217C /* OrderedDictionary.m */; };
		27A2BFC925C0860700AAD73C /* iTunesLibrary.framework in Frameworks */ = {isa = PBXBuildFile; fileRef = 2705445125B66B7A00FE6D65 /* iTunesLibrary.framework */; };
		27A2C02225C08FF700AAD73C /* ServiceManagement.framework in Frameworks */ = {isa = PBXBuildFile; fileRef = 27A2C02125C08FF700AAD73C /* ServiceManagement.framework */; };
		27A2C05925C0934A00AAD73C /* AppDelegate.m in Sources */ = {isa = PBXBuildFile; fileRef = 27A2C05825C0934A00AAD73C /* AppDelegate.m */; };
		27A2C05E25C0934B00AAD73C /* MainMenu.xib in Resources */ = {isa = PBXBuildFile; fileRef = 27A2C05C25C0934A00AAD73C /* MainMenu.xib */; };
		27A2C06125C0934B00AAD73C /* main.m in Sources */ = {isa = PBXBuildFile; fileRef = 27A2C06025C0934B00AAD73C /* main.m */; };
		27A2C07225C0943C00AAD73C /* Music Library Exporter Helper.app in Copy Helper App */ = {isa = PBXBuildFile; fileRef = 27A2C05525C0934A00AAD73C /* Music Library Exporter Helper.app */; settings = {ATTRIBUTES = (RemoveHeadersOnCopy, ); }; };
		27A2C08725C097B600AAD73C /* OrderedDictionary.m in Sources */ = {isa = PBXBuildFile; fileRef = 276442A125BD3F7600EE217C /* OrderedDictionary.m */; };
		27A2C08B25C097C000AAD73C /* Utils.m in Sources */ = {isa = PBXBuildFile; fileRef = 27C52A7325B69C4B00D829F3 /* Utils.m */; };
		27A2C08C25C097C000AAD73C /* LibraryParser.m in Sources */ = {isa = PBXBuildFile; fileRef = 27CDC90C25BADAFC0032BF79 /* LibraryParser.m */; };
		27A2C08D25C097C000AAD73C /* LibrarySerializer.m in Sources */ = {isa = PBXBuildFile; fileRef = 2705445825B670E700FE6D65 /* LibrarySerializer.m */; };
		27A2C09125C097DF00AAD73C /* iTunesLibrary.framework in Frameworks */ = {isa = PBXBuildFile; fileRef = 2705445125B66B7A00FE6D65 /* iTunesLibrary.framework */; };
		27C0A0F125CB046500EDDE22 /* ScheduleConfiguration.m in Sources */ = {isa = PBXBuildFile; fileRef = 27C0A0EF25CB045C00EDDE22 /* ScheduleConfiguration.m */; };
		27C0A0F525CB046A00EDDE22 /* ScheduleConfiguration.m in Sources */ = {isa = PBXBuildFile; fileRef = 27C0A0EF25CB045C00EDDE22 /* ScheduleConfiguration.m */; };
		27C52A7425B69C4B00D829F3 /* Utils.m in Sources */ = {isa = PBXBuildFile; fileRef = 27C52A7325B69C4B00D829F3 /* Utils.m */; };
		27CDC90D25BADAFC0032BF79 /* LibraryParser.m in Sources */ = {isa = PBXBuildFile; fileRef = 27CDC90C25BADAFC0032BF79 /* LibraryParser.m */; };
		27EC7C6325C8C41300996E9E /* UserDefaultsExportConfiguration.m in Sources */ = {isa = PBXBuildFile; fileRef = 27EC7C6225C8C3E500996E9E /* UserDefaultsExportConfiguration.m */; };
		27EC7C6725C8C41800996E9E /* UserDefaultsExportConfiguration.m in Sources */ = {isa = PBXBuildFile; fileRef = 27EC7C6225C8C3E500996E9E /* UserDefaultsExportConfiguration.m */; };
		27EF9A6825BF23910051CE7B /* AppDelegate.m in Sources */ = {isa = PBXBuildFile; fileRef = 27EF9A6725BF23910051CE7B /* AppDelegate.m */; };
		27EF9A6A25BF23920051CE7B /* Assets.xcassets in Resources */ = {isa = PBXBuildFile; fileRef = 27EF9A6925BF23920051CE7B /* Assets.xcassets */; };
		27EF9A6D25BF23920051CE7B /* MainMenu.xib in Resources */ = {isa = PBXBuildFile; fileRef = 27EF9A6B25BF23920051CE7B /* MainMenu.xib */; };
		27EF9A7025BF23920051CE7B /* main.m in Sources */ = {isa = PBXBuildFile; fileRef = 27EF9A6F25BF23920051CE7B /* main.m */; };
/* End PBXBuildFile section */

/* Begin PBXContainerItemProxy section */
		27A2C07025C0943900AAD73C /* PBXContainerItemProxy */ = {
			isa = PBXContainerItemProxy;
			containerPortal = 2705443D25B66A0A00FE6D65 /* Project object */;
			proxyType = 1;
			remoteGlobalIDString = 27A2C05425C0934A00AAD73C;
			remoteInfo = "Music Library Exporter Helper";
		};
/* End PBXContainerItemProxy section */

/* Begin PBXCopyFilesBuildPhase section */
		2705444325B66A0A00FE6D65 /* CopyFiles */ = {
			isa = PBXCopyFilesBuildPhase;
			buildActionMask = 2147483647;
			dstPath = /usr/share/man/man1/;
			dstSubfolderSpec = 0;
			files = (
			);
			runOnlyForDeploymentPostprocessing = 1;
		};
		27A2C01025C08F6B00AAD73C /* Copy Helper App */ = {
			isa = PBXCopyFilesBuildPhase;
			buildActionMask = 2147483647;
			dstPath = Contents/Library/LoginItems;
			dstSubfolderSpec = 1;
			files = (
				27A2C07225C0943C00AAD73C /* Music Library Exporter Helper.app in Copy Helper App */,
			);
			name = "Copy Helper App";
			runOnlyForDeploymentPostprocessing = 0;
		};
/* End PBXCopyFilesBuildPhase section */

/* Begin PBXFileReference section */
		2705444525B66A0A00FE6D65 /* library-generator */ = {isa = PBXFileReference; explicitFileType = "compiled.mach-o.executable"; includeInIndex = 0; path = "library-generator"; sourceTree = BUILT_PRODUCTS_DIR; };
		2705444825B66A0A00FE6D65 /* main.m */ = {isa = PBXFileReference; lastKnownFileType = sourcecode.c.objc; path = main.m; sourceTree = "<group>"; };
		2705445125B66B7A00FE6D65 /* iTunesLibrary.framework */ = {isa = PBXFileReference; lastKnownFileType = wrapper.framework; name = iTunesLibrary.framework; path = System/Library/Frameworks/iTunesLibrary.framework; sourceTree = SDKROOT; };
		2705445725B670E700FE6D65 /* LibrarySerializer.h */ = {isa = PBXFileReference; lastKnownFileType = sourcecode.c.h; path = LibrarySerializer.h; sourceTree = "<group>"; };
		2705445825B670E700FE6D65 /* LibrarySerializer.m */ = {isa = PBXFileReference; lastKnownFileType = sourcecode.c.objc; path = LibrarySerializer.m; sourceTree = "<group>"; };
		273B522825CA5F3E00421B14 /* ExportScheduleDelegate.h */ = {isa = PBXFileReference; lastKnownFileType = sourcecode.c.h; name = ExportScheduleDelegate.h; path = common/ExportScheduleDelegate.h; sourceTree = SOURCE_ROOT; };
		273B522925CA5F3E00421B14 /* ExportScheduleDelegate.m */ = {isa = PBXFileReference; lastKnownFileType = sourcecode.c.objc; name = ExportScheduleDelegate.m; path = common/ExportScheduleDelegate.m; sourceTree = SOURCE_ROOT; };
		273B522E25CA666000421B14 /* Defines.h */ = {isa = PBXFileReference; lastKnownFileType = sourcecode.c.h; path = Defines.h; sourceTree = "<group>"; };
		273B522F25CA666000421B14 /* Defines.m */ = {isa = PBXFileReference; lastKnownFileType = sourcecode.c.objc; path = Defines.m; sourceTree = "<group>"; };
		27533C2225CAA03C00A3B4D9 /* ExportDelegate.h */ = {isa = PBXFileReference; lastKnownFileType = sourcecode.c.h; path = ExportDelegate.h; sourceTree = "<group>"; };
		27533C2325CAA03C00A3B4D9 /* ExportDelegate.m */ = {isa = PBXFileReference; lastKnownFileType = sourcecode.c.objc; path = ExportDelegate.m; sourceTree = "<group>"; };
		276442A025BD3F7600EE217C /* OrderedDictionary.h */ = {isa = PBXFileReference; fileEncoding = 4; lastKnownFileType = sourcecode.c.h; path = OrderedDictionary.h; sourceTree = "<group>"; };
		276442A125BD3F7600EE217C /* OrderedDictionary.m */ = {isa = PBXFileReference; fileEncoding = 4; lastKnownFileType = sourcecode.c.objc; path = OrderedDictionary.m; sourceTree = "<group>"; };
		2783C74825C4FAF2002ED7B7 /* ConfigurationView.xib */ = {isa = PBXFileReference; lastKnownFileType = file.xib; path = ConfigurationView.xib; sourceTree = "<group>"; };
		2783C75625C4FB60002ED7B7 /* ConfigurationViewController.h */ = {isa = PBXFileReference; lastKnownFileType = sourcecode.c.h; path = ConfigurationViewController.h; sourceTree = "<group>"; };
		2783C75725C4FB60002ED7B7 /* ConfigurationViewController.m */ = {isa = PBXFileReference; lastKnownFileType = sourcecode.c.objc; path = ConfigurationViewController.m; sourceTree = "<group>"; };
		2783C76525C518CC002ED7B7 /* ExportConfiguration.h */ = {isa = PBXFileReference; lastKnownFileType = sourcecode.c.h; path = ExportConfiguration.h; sourceTree = "<group>"; };
		2783C76625C518CC002ED7B7 /* ExportConfiguration.m */ = {isa = PBXFileReference; lastKnownFileType = sourcecode.c.objc; path = ExportConfiguration.m; sourceTree = "<group>"; };
		27A2C02125C08FF700AAD73C /* ServiceManagement.framework */ = {isa = PBXFileReference; lastKnownFileType = wrapper.framework; name = ServiceManagement.framework; path = System/Library/Frameworks/ServiceManagement.framework; sourceTree = SDKROOT; };
		27A2C05525C0934A00AAD73C /* Music Library Exporter Helper.app */ = {isa = PBXFileReference; explicitFileType = wrapper.application; includeInIndex = 0; path = "Music Library Exporter Helper.app"; sourceTree = BUILT_PRODUCTS_DIR; };
		27A2C05725C0934A00AAD73C /* AppDelegate.h */ = {isa = PBXFileReference; lastKnownFileType = sourcecode.c.h; path = AppDelegate.h; sourceTree = "<group>"; };
		27A2C05825C0934A00AAD73C /* AppDelegate.m */ = {isa = PBXFileReference; lastKnownFileType = sourcecode.c.objc; path = AppDelegate.m; sourceTree = "<group>"; };
		27A2C05D25C0934B00AAD73C /* Base */ = {isa = PBXFileReference; lastKnownFileType = file.xib; name = Base; path = Base.lproj/MainMenu.xib; sourceTree = "<group>"; };
		27A2C05F25C0934B00AAD73C /* Info.plist */ = {isa = PBXFileReference; lastKnownFileType = text.plist.xml; path = Info.plist; sourceTree = "<group>"; };
		27A2C06025C0934B00AAD73C /* main.m */ = {isa = PBXFileReference; lastKnownFileType = sourcecode.c.objc; path = main.m; sourceTree = "<group>"; };
		27A2C06225C0934B00AAD73C /* Music_Library_Exporter_Helper.entitlements */ = {isa = PBXFileReference; lastKnownFileType = text.plist.entitlements; path = Music_Library_Exporter_Helper.entitlements; sourceTree = "<group>"; };
		27C0A0EF25CB045C00EDDE22 /* ScheduleConfiguration.m */ = {isa = PBXFileReference; lastKnownFileType = sourcecode.c.objc; path = ScheduleConfiguration.m; sourceTree = "<group>"; };
		27C0A0F025CB045C00EDDE22 /* ScheduleConfiguration.h */ = {isa = PBXFileReference; lastKnownFileType = sourcecode.c.h; path = ScheduleConfiguration.h; sourceTree = "<group>"; };
		27C52A7225B69C4B00D829F3 /* Utils.h */ = {isa = PBXFileReference; lastKnownFileType = sourcecode.c.h; path = Utils.h; sourceTree = "<group>"; };
		27C52A7325B69C4B00D829F3 /* Utils.m */ = {isa = PBXFileReference; lastKnownFileType = sourcecode.c.objc; path = Utils.m; sourceTree = "<group>"; };
		27CDC90B25BADAFC0032BF79 /* LibraryParser.h */ = {isa = PBXFileReference; lastKnownFileType = sourcecode.c.h; path = LibraryParser.h; sourceTree = "<group>"; };
		27CDC90C25BADAFC0032BF79 /* LibraryParser.m */ = {isa = PBXFileReference; lastKnownFileType = sourcecode.c.objc; path = LibraryParser.m; sourceTree = "<group>"; };
		27EC7C6125C8C3E500996E9E /* UserDefaultsExportConfiguration.h */ = {isa = PBXFileReference; lastKnownFileType = sourcecode.c.h; path = UserDefaultsExportConfiguration.h; sourceTree = "<group>"; };
		27EC7C6225C8C3E500996E9E /* UserDefaultsExportConfiguration.m */ = {isa = PBXFileReference; lastKnownFileType = sourcecode.c.objc; path = UserDefaultsExportConfiguration.m; sourceTree = "<group>"; };
		27EF9A6425BF23910051CE7B /* Music Library Exporter.app */ = {isa = PBXFileReference; explicitFileType = wrapper.application; includeInIndex = 0; path = "Music Library Exporter.app"; sourceTree = BUILT_PRODUCTS_DIR; };
		27EF9A6625BF23910051CE7B /* AppDelegate.h */ = {isa = PBXFileReference; lastKnownFileType = sourcecode.c.h; path = AppDelegate.h; sourceTree = "<group>"; };
		27EF9A6725BF23910051CE7B /* AppDelegate.m */ = {isa = PBXFileReference; lastKnownFileType = sourcecode.c.objc; path = AppDelegate.m; sourceTree = "<group>"; };
		27EF9A6925BF23920051CE7B /* Assets.xcassets */ = {isa = PBXFileReference; lastKnownFileType = folder.assetcatalog; path = Assets.xcassets; sourceTree = "<group>"; };
		27EF9A6C25BF23920051CE7B /* Base */ = {isa = PBXFileReference; lastKnownFileType = file.xib; name = Base; path = Base.lproj/MainMenu.xib; sourceTree = "<group>"; };
		27EF9A6E25BF23920051CE7B /* Info.plist */ = {isa = PBXFileReference; lastKnownFileType = text.plist.xml; path = Info.plist; sourceTree = "<group>"; };
		27EF9A6F25BF23920051CE7B /* main.m */ = {isa = PBXFileReference; lastKnownFileType = sourcecode.c.objc; path = main.m; sourceTree = "<group>"; };
		27EF9A7125BF23920051CE7B /* Music_Library_Exporter.entitlements */ = {isa = PBXFileReference; lastKnownFileType = text.plist.entitlements; path = Music_Library_Exporter.entitlements; sourceTree = "<group>"; };
/* End PBXFileReference section */

/* Begin PBXFrameworksBuildPhase section */
		2705444225B66A0A00FE6D65 /* Frameworks */ = {
			isa = PBXFrameworksBuildPhase;
			buildActionMask = 2147483647;
			files = (
				2705445225B66B7A00FE6D65 /* iTunesLibrary.framework in Frameworks */,
			);
			runOnlyForDeploymentPostprocessing = 0;
		};
		27A2C05225C0934A00AAD73C /* Frameworks */ = {
			isa = PBXFrameworksBuildPhase;
			buildActionMask = 2147483647;
			files = (
				27A2C09125C097DF00AAD73C /* iTunesLibrary.framework in Frameworks */,
			);
			runOnlyForDeploymentPostprocessing = 0;
		};
		27EF9A6125BF23910051CE7B /* Frameworks */ = {
			isa = PBXFrameworksBuildPhase;
			buildActionMask = 2147483647;
			files = (
				27A2BFC925C0860700AAD73C /* iTunesLibrary.framework in Frameworks */,
				27A2C02225C08FF700AAD73C /* ServiceManagement.framework in Frameworks */,
			);
			runOnlyForDeploymentPostprocessing = 0;
		};
/* End PBXFrameworksBuildPhase section */

/* Begin PBXGroup section */
		2705443C25B66A0A00FE6D65 = {
			isa = PBXGroup;
			children = (
				27A2BFBE25C0851B00AAD73C /* common */,
				27EF9A6525BF23910051CE7B /* Music Library Exporter */,
				27A2C05625C0934A00AAD73C /* Music Library Exporter Helper */,
				27EF9A3D25BF20C60051CE7B /* library-generator */,
				27EF9A5E25BF21FE0051CE7B /* 3rd */,
				2705445025B66B7A00FE6D65 /* Frameworks */,
				2705444625B66A0A00FE6D65 /* Products */,
			);
			sourceTree = "<group>";
		};
		2705444625B66A0A00FE6D65 /* Products */ = {
			isa = PBXGroup;
			children = (
				2705444525B66A0A00FE6D65 /* library-generator */,
				27EF9A6425BF23910051CE7B /* Music Library Exporter.app */,
				27A2C05525C0934A00AAD73C /* Music Library Exporter Helper.app */,
			);
			name = Products;
			sourceTree = "<group>";
		};
		2705445025B66B7A00FE6D65 /* Frameworks */ = {
			isa = PBXGroup;
			children = (
				2705445125B66B7A00FE6D65 /* iTunesLibrary.framework */,
				27A2C02125C08FF700AAD73C /* ServiceManagement.framework */,
			);
			name = Frameworks;
			sourceTree = "<group>";
		};
		27A2BFBE25C0851B00AAD73C /* common */ = {
			isa = PBXGroup;
			children = (
				273B522E25CA666000421B14 /* Defines.h */,
				273B522F25CA666000421B14 /* Defines.m */,
				27C52A7225B69C4B00D829F3 /* Utils.h */,
				27C52A7325B69C4B00D829F3 /* Utils.m */,
				27CDC90B25BADAFC0032BF79 /* LibraryParser.h */,
				27CDC90C25BADAFC0032BF79 /* LibraryParser.m */,
				2705445725B670E700FE6D65 /* LibrarySerializer.h */,
				2705445825B670E700FE6D65 /* LibrarySerializer.m */,
				2783C76525C518CC002ED7B7 /* ExportConfiguration.h */,
				2783C76625C518CC002ED7B7 /* ExportConfiguration.m */,
				27EC7C6125C8C3E500996E9E /* UserDefaultsExportConfiguration.h */,
				27EC7C6225C8C3E500996E9E /* UserDefaultsExportConfiguration.m */,
				27533C2225CAA03C00A3B4D9 /* ExportDelegate.h */,
				27533C2325CAA03C00A3B4D9 /* ExportDelegate.m */,
				27C0A0F025CB045C00EDDE22 /* ScheduleConfiguration.h */,
				27C0A0EF25CB045C00EDDE22 /* ScheduleConfiguration.m */,
				273B522825CA5F3E00421B14 /* ExportScheduleDelegate.h */,
				273B522925CA5F3E00421B14 /* ExportScheduleDelegate.m */,
			);
			path = common;
			sourceTree = "<group>";
		};
		27A2C05625C0934A00AAD73C /* Music Library Exporter Helper */ = {
			isa = PBXGroup;
			children = (
				27A2C06025C0934B00AAD73C /* main.m */,
				27A2C05725C0934A00AAD73C /* AppDelegate.h */,
				27A2C05825C0934A00AAD73C /* AppDelegate.m */,
				27A2C06C25C093B400AAD73C /* Supporting Files */,
			);
			path = "Music Library Exporter Helper";
			sourceTree = "<group>";
		};
		27A2C06C25C093B400AAD73C /* Supporting Files */ = {
			isa = PBXGroup;
			children = (
				27A2C05C25C0934A00AAD73C /* MainMenu.xib */,
				27A2C05F25C0934B00AAD73C /* Info.plist */,
				27A2C06225C0934B00AAD73C /* Music_Library_Exporter_Helper.entitlements */,
			);
			path = "Supporting Files";
			sourceTree = "<group>";
		};
		27EF9A3D25BF20C60051CE7B /* library-generator */ = {
			isa = PBXGroup;
			children = (
				2705444825B66A0A00FE6D65 /* main.m */,
			);
			path = "library-generator";
			sourceTree = "<group>";
		};
		27EF9A5E25BF21FE0051CE7B /* 3rd */ = {
			isa = PBXGroup;
			children = (
				276442A025BD3F7600EE217C /* OrderedDictionary.h */,
				276442A125BD3F7600EE217C /* OrderedDictionary.m */,
			);
			path = 3rd;
			sourceTree = "<group>";
		};
		27EF9A6525BF23910051CE7B /* Music Library Exporter */ = {
			isa = PBXGroup;
			children = (
				27EF9A6F25BF23920051CE7B /* main.m */,
				27EF9A6625BF23910051CE7B /* AppDelegate.h */,
				27EF9A6725BF23910051CE7B /* AppDelegate.m */,
				2783C75625C4FB60002ED7B7 /* ConfigurationViewController.h */,
				2783C75725C4FB60002ED7B7 /* ConfigurationViewController.m */,
				2783C74825C4FAF2002ED7B7 /* ConfigurationView.xib */,
				27EF9A8225BF24010051CE7B /* Supporting Files */,
			);
			path = "Music Library Exporter";
			sourceTree = "<group>";
		};
		27EF9A8225BF24010051CE7B /* Supporting Files */ = {
			isa = PBXGroup;
			children = (
				27EF9A6925BF23920051CE7B /* Assets.xcassets */,
				27EF9A6B25BF23920051CE7B /* MainMenu.xib */,
				27EF9A6E25BF23920051CE7B /* Info.plist */,
				27EF9A7125BF23920051CE7B /* Music_Library_Exporter.entitlements */,
			);
			path = "Supporting Files";
			sourceTree = "<group>";
		};
/* End PBXGroup section */

/* Begin PBXNativeTarget section */
		2705444425B66A0A00FE6D65 /* library-generator */ = {
			isa = PBXNativeTarget;
			buildConfigurationList = 2705444C25B66A0A00FE6D65 /* Build configuration list for PBXNativeTarget "library-generator" */;
			buildPhases = (
				2705444125B66A0A00FE6D65 /* Sources */,
				2705444225B66A0A00FE6D65 /* Frameworks */,
				2705444325B66A0A00FE6D65 /* CopyFiles */,
			);
			buildRules = (
			);
			dependencies = (
			);
			name = "library-generator";
			productName = "library-generator";
			productReference = 2705444525B66A0A00FE6D65 /* library-generator */;
			productType = "com.apple.product-type.tool";
		};
		27A2C05425C0934A00AAD73C /* Music Library Exporter Helper */ = {
			isa = PBXNativeTarget;
			buildConfigurationList = 27A2C06325C0934B00AAD73C /* Build configuration list for PBXNativeTarget "Music Library Exporter Helper" */;
			buildPhases = (
				27A2C05125C0934A00AAD73C /* Sources */,
				27A2C05225C0934A00AAD73C /* Frameworks */,
				27A2C05325C0934A00AAD73C /* Resources */,
			);
			buildRules = (
			);
			dependencies = (
			);
			name = "Music Library Exporter Helper";
			productName = "Music Library Exporter Helper";
			productReference = 27A2C05525C0934A00AAD73C /* Music Library Exporter Helper.app */;
			productType = "com.apple.product-type.application";
		};
		27EF9A6325BF23910051CE7B /* Music Library Exporter */ = {
			isa = PBXNativeTarget;
			buildConfigurationList = 27EF9A7225BF23920051CE7B /* Build configuration list for PBXNativeTarget "Music Library Exporter" */;
			buildPhases = (
				27EF9A6025BF23910051CE7B /* Sources */,
				27EF9A6125BF23910051CE7B /* Frameworks */,
				27EF9A6225BF23910051CE7B /* Resources */,
				27A2C01025C08F6B00AAD73C /* Copy Helper App */,
			);
			buildRules = (
			);
			dependencies = (
				27A2C07125C0943900AAD73C /* PBXTargetDependency */,
			);
			name = "Music Library Exporter";
			productName = "Music Library Exporter";
			productReference = 27EF9A6425BF23910051CE7B /* Music Library Exporter.app */;
			productType = "com.apple.product-type.application";
		};
/* End PBXNativeTarget section */

/* Begin PBXProject section */
		2705443D25B66A0A00FE6D65 /* Project object */ = {
			isa = PBXProject;
			attributes = {
				LastUpgradeCheck = 1240;
				TargetAttributes = {
					2705444425B66A0A00FE6D65 = {
						CreatedOnToolsVersion = 12.3;
					};
					27A2C05425C0934A00AAD73C = {
						CreatedOnToolsVersion = 12.3;
					};
					27EF9A6325BF23910051CE7B = {
						CreatedOnToolsVersion = 12.3;
					};
				};
			};
			buildConfigurationList = 2705444025B66A0A00FE6D65 /* Build configuration list for PBXProject "Music Library Exporter" */;
			compatibilityVersion = "Xcode 9.3";
			developmentRegion = en;
			hasScannedForEncodings = 0;
			knownRegions = (
				en,
				Base,
			);
			mainGroup = 2705443C25B66A0A00FE6D65;
			productRefGroup = 2705444625B66A0A00FE6D65 /* Products */;
			projectDirPath = "";
			projectRoot = "";
			targets = (
				27EF9A6325BF23910051CE7B /* Music Library Exporter */,
				27A2C05425C0934A00AAD73C /* Music Library Exporter Helper */,
				2705444425B66A0A00FE6D65 /* library-generator */,
			);
		};
/* End PBXProject section */

/* Begin PBXResourcesBuildPhase section */
		27A2C05325C0934A00AAD73C /* Resources */ = {
			isa = PBXResourcesBuildPhase;
			buildActionMask = 2147483647;
			files = (
				27A2C05E25C0934B00AAD73C /* MainMenu.xib in Resources */,
				272C8E9825C0E59C003CBF47 /* Assets.xcassets in Resources */,
			);
			runOnlyForDeploymentPostprocessing = 0;
		};
		27EF9A6225BF23910051CE7B /* Resources */ = {
			isa = PBXResourcesBuildPhase;
			buildActionMask = 2147483647;
			files = (
				27EF9A6A25BF23920051CE7B /* Assets.xcassets in Resources */,
				2783C74925C4FAF2002ED7B7 /* ConfigurationView.xib in Resources */,
				27EF9A6D25BF23920051CE7B /* MainMenu.xib in Resources */,
			);
			runOnlyForDeploymentPostprocessing = 0;
		};
/* End PBXResourcesBuildPhase section */

/* Begin PBXSourcesBuildPhase section */
		2705444125B66A0A00FE6D65 /* Sources */ = {
			isa = PBXSourcesBuildPhase;
			buildActionMask = 2147483647;
			files = (
				27CDC90D25BADAFC0032BF79 /* LibraryParser.m in Sources */,
				2705445925B670E700FE6D65 /* LibrarySerializer.m in Sources */,
				2783C76925C518CC002ED7B7 /* ExportConfiguration.m in Sources */,
				2705444925B66A0A00FE6D65 /* main.m in Sources */,
				27C52A7425B69C4B00D829F3 /* Utils.m in Sources */,
				276442A225BD3F7600EE217C /* OrderedDictionary.m in Sources */,
			);
			runOnlyForDeploymentPostprocessing = 0;
		};
		27A2C05125C0934A00AAD73C /* Sources */ = {
			isa = PBXSourcesBuildPhase;
			buildActionMask = 2147483647;
			files = (
				273B523325CA672300421B14 /* Defines.m in Sources */,
				27A2C06125C0934B00AAD73C /* main.m in Sources */,
				27A2C05925C0934A00AAD73C /* AppDelegate.m in Sources */,
				2783C76825C518CC002ED7B7 /* ExportConfiguration.m in Sources */,
				27EC7C6725C8C41800996E9E /* UserDefaultsExportConfiguration.m in Sources */,
				27533C2E25CAA21600A3B4D9 /* ExportDelegate.m in Sources */,
				27C0A0F125CB046500EDDE22 /* ScheduleConfiguration.m in Sources */,
				273B523B25CA6AC700421B14 /* ExportScheduleDelegate.m in Sources */,
				27A2C08725C097B600AAD73C /* OrderedDictionary.m in Sources */,
				27A2C08B25C097C000AAD73C /* Utils.m in Sources */,
				27A2C08C25C097C000AAD73C /* LibraryParser.m in Sources */,
				27A2C08D25C097C000AAD73C /* LibrarySerializer.m in Sources */,
			);
			runOnlyForDeploymentPostprocessing = 0;
		};
		27EF9A6025BF23910051CE7B /* Sources */ = {
			isa = PBXSourcesBuildPhase;
			buildActionMask = 2147483647;
			files = (
				273B523725CA672700421B14 /* Defines.m in Sources */,
				27EF9A7025BF23920051CE7B /* main.m in Sources */,
				27EF9A6825BF23910051CE7B /* AppDelegate.m in Sources */,
				2783C76725C518CC002ED7B7 /* ExportConfiguration.m in Sources */,
				27EC7C6325C8C41300996E9E /* UserDefaultsExportConfiguration.m in Sources */,
				27533C2A25CAA21300A3B4D9 /* ExportDelegate.m in Sources */,
				27C0A0F525CB046A00EDDE22 /* ScheduleConfiguration.m in Sources */,
				273B523F25CA6ACB00421B14 /* ExportScheduleDelegate.m in Sources */,
				27A2BFC625C085E400AAD73C /* OrderedDictionary.m in Sources */,
				27A2BFC325C085E400AAD73C /* Utils.m in Sources */,
				27A2BFC425C085E400AAD73C /* LibraryParser.m in Sources */,
				27A2BFC525C085E400AAD73C /* LibrarySerializer.m in Sources */,
				2783C75825C4FB60002ED7B7 /* ConfigurationViewController.m in Sources */,
			);
			runOnlyForDeploymentPostprocessing = 0;
		};
/* End PBXSourcesBuildPhase section */

/* Begin PBXTargetDependency section */
		27A2C07125C0943900AAD73C /* PBXTargetDependency */ = {
			isa = PBXTargetDependency;
			target = 27A2C05425C0934A00AAD73C /* Music Library Exporter Helper */;
			targetProxy = 27A2C07025C0943900AAD73C /* PBXContainerItemProxy */;
		};
/* End PBXTargetDependency section */

/* Begin PBXVariantGroup section */
		27A2C05C25C0934A00AAD73C /* MainMenu.xib */ = {
			isa = PBXVariantGroup;
			children = (
				27A2C05D25C0934B00AAD73C /* Base */,
			);
			name = MainMenu.xib;
			sourceTree = "<group>";
		};
		27EF9A6B25BF23920051CE7B /* MainMenu.xib */ = {
			isa = PBXVariantGroup;
			children = (
				27EF9A6C25BF23920051CE7B /* Base */,
			);
			name = MainMenu.xib;
			sourceTree = "<group>";
		};
/* End PBXVariantGroup section */

/* Begin XCBuildConfiguration section */
		2705444A25B66A0A00FE6D65 /* Debug */ = {
			isa = XCBuildConfiguration;
			buildSettings = {
				ALWAYS_SEARCH_USER_PATHS = NO;
				CLANG_ANALYZER_NONNULL = YES;
				CLANG_ANALYZER_NUMBER_OBJECT_CONVERSION = YES_AGGRESSIVE;
				CLANG_CXX_LANGUAGE_STANDARD = "gnu++14";
				CLANG_CXX_LIBRARY = "libc++";
				CLANG_ENABLE_MODULES = YES;
				CLANG_ENABLE_OBJC_ARC = YES;
				CLANG_ENABLE_OBJC_WEAK = YES;
				CLANG_WARN_BLOCK_CAPTURE_AUTORELEASING = YES;
				CLANG_WARN_BOOL_CONVERSION = YES;
				CLANG_WARN_COMMA = YES;
				CLANG_WARN_CONSTANT_CONVERSION = YES;
				CLANG_WARN_DEPRECATED_OBJC_IMPLEMENTATIONS = YES;
				CLANG_WARN_DIRECT_OBJC_ISA_USAGE = YES_ERROR;
				CLANG_WARN_DOCUMENTATION_COMMENTS = YES;
				CLANG_WARN_EMPTY_BODY = YES;
				CLANG_WARN_ENUM_CONVERSION = YES;
				CLANG_WARN_INFINITE_RECURSION = YES;
				CLANG_WARN_INT_CONVERSION = YES;
				CLANG_WARN_NON_LITERAL_NULL_CONVERSION = YES;
				CLANG_WARN_OBJC_IMPLICIT_RETAIN_SELF = YES;
				CLANG_WARN_OBJC_LITERAL_CONVERSION = YES;
				CLANG_WARN_OBJC_ROOT_CLASS = YES_ERROR;
				CLANG_WARN_QUOTED_INCLUDE_IN_FRAMEWORK_HEADER = YES;
				CLANG_WARN_RANGE_LOOP_ANALYSIS = YES;
				CLANG_WARN_STRICT_PROTOTYPES = YES;
				CLANG_WARN_SUSPICIOUS_MOVE = YES;
				CLANG_WARN_UNGUARDED_AVAILABILITY = YES_AGGRESSIVE;
				CLANG_WARN_UNREACHABLE_CODE = YES;
				CLANG_WARN__DUPLICATE_METHOD_MATCH = YES;
				CODE_SIGN_IDENTITY = "Mac Developer";
				CODE_SIGN_STYLE = Manual;
				COPY_PHASE_STRIP = NO;
				DEBUG_INFORMATION_FORMAT = dwarf;
				DEVELOPMENT_TEAM = 9YLM7HTV6V;
				ENABLE_HARDENED_RUNTIME = YES;
				ENABLE_STRICT_OBJC_MSGSEND = YES;
				ENABLE_TESTABILITY = YES;
				GCC_C_LANGUAGE_STANDARD = gnu11;
				GCC_DYNAMIC_NO_PIC = NO;
				GCC_NO_COMMON_BLOCKS = YES;
				GCC_OPTIMIZATION_LEVEL = 0;
				GCC_PREPROCESSOR_DEFINITIONS = (
					"DEBUG=1",
					"$(inherited)",
				);
				GCC_WARN_64_TO_32_BIT_CONVERSION = YES;
				GCC_WARN_ABOUT_RETURN_TYPE = YES_ERROR;
				GCC_WARN_UNDECLARED_SELECTOR = YES;
				GCC_WARN_UNINITIALIZED_AUTOS = YES_AGGRESSIVE;
				GCC_WARN_UNUSED_FUNCTION = YES;
				GCC_WARN_UNUSED_VARIABLE = YES;
				MACOSX_DEPLOYMENT_TARGET = 10.15;
				MTL_ENABLE_DEBUG_INFO = INCLUDE_SOURCE;
				MTL_FAST_MATH = YES;
				ONLY_ACTIVE_ARCH = YES;
				SDKROOT = macosx;
			};
			name = Debug;
		};
		2705444B25B66A0A00FE6D65 /* Release */ = {
			isa = XCBuildConfiguration;
			buildSettings = {
				ALWAYS_SEARCH_USER_PATHS = NO;
				CLANG_ANALYZER_NONNULL = YES;
				CLANG_ANALYZER_NUMBER_OBJECT_CONVERSION = YES_AGGRESSIVE;
				CLANG_CXX_LANGUAGE_STANDARD = "gnu++14";
				CLANG_CXX_LIBRARY = "libc++";
				CLANG_ENABLE_MODULES = YES;
				CLANG_ENABLE_OBJC_ARC = YES;
				CLANG_ENABLE_OBJC_WEAK = YES;
				CLANG_WARN_BLOCK_CAPTURE_AUTORELEASING = YES;
				CLANG_WARN_BOOL_CONVERSION = YES;
				CLANG_WARN_COMMA = YES;
				CLANG_WARN_CONSTANT_CONVERSION = YES;
				CLANG_WARN_DEPRECATED_OBJC_IMPLEMENTATIONS = YES;
				CLANG_WARN_DIRECT_OBJC_ISA_USAGE = YES_ERROR;
				CLANG_WARN_DOCUMENTATION_COMMENTS = YES;
				CLANG_WARN_EMPTY_BODY = YES;
				CLANG_WARN_ENUM_CONVERSION = YES;
				CLANG_WARN_INFINITE_RECURSION = YES;
				CLANG_WARN_INT_CONVERSION = YES;
				CLANG_WARN_NON_LITERAL_NULL_CONVERSION = YES;
				CLANG_WARN_OBJC_IMPLICIT_RETAIN_SELF = YES;
				CLANG_WARN_OBJC_LITERAL_CONVERSION = YES;
				CLANG_WARN_OBJC_ROOT_CLASS = YES_ERROR;
				CLANG_WARN_QUOTED_INCLUDE_IN_FRAMEWORK_HEADER = YES;
				CLANG_WARN_RANGE_LOOP_ANALYSIS = YES;
				CLANG_WARN_STRICT_PROTOTYPES = YES;
				CLANG_WARN_SUSPICIOUS_MOVE = YES;
				CLANG_WARN_UNGUARDED_AVAILABILITY = YES_AGGRESSIVE;
				CLANG_WARN_UNREACHABLE_CODE = YES;
				CLANG_WARN__DUPLICATE_METHOD_MATCH = YES;
				CODE_SIGN_IDENTITY = "3rd Party Mac Developer Application";
				CODE_SIGN_STYLE = Manual;
				COPY_PHASE_STRIP = NO;
				DEBUG_INFORMATION_FORMAT = "dwarf-with-dsym";
				DEVELOPMENT_TEAM = 9YLM7HTV6V;
				ENABLE_HARDENED_RUNTIME = YES;
				ENABLE_NS_ASSERTIONS = NO;
				ENABLE_STRICT_OBJC_MSGSEND = YES;
				GCC_C_LANGUAGE_STANDARD = gnu11;
				GCC_NO_COMMON_BLOCKS = YES;
				GCC_WARN_64_TO_32_BIT_CONVERSION = YES;
				GCC_WARN_ABOUT_RETURN_TYPE = YES_ERROR;
				GCC_WARN_UNDECLARED_SELECTOR = YES;
				GCC_WARN_UNINITIALIZED_AUTOS = YES_AGGRESSIVE;
				GCC_WARN_UNUSED_FUNCTION = YES;
				GCC_WARN_UNUSED_VARIABLE = YES;
				MACOSX_DEPLOYMENT_TARGET = 10.15;
				MTL_ENABLE_DEBUG_INFO = NO;
				MTL_FAST_MATH = YES;
				SDKROOT = macosx;
			};
			name = Release;
		};
		2705444D25B66A0A00FE6D65 /* Debug */ = {
			isa = XCBuildConfiguration;
			buildSettings = {
				PRODUCT_NAME = "$(TARGET_NAME)";
			};
			name = Debug;
		};
		2705444E25B66A0A00FE6D65 /* Release */ = {
			isa = XCBuildConfiguration;
			buildSettings = {
				PRODUCT_NAME = "$(TARGET_NAME)";
			};
			name = Release;
		};
		27A2C06425C0934B00AAD73C /* Debug */ = {
			isa = XCBuildConfiguration;
			buildSettings = {
				ASSETCATALOG_COMPILER_APPICON_NAME = AppIcon;
				ASSETCATALOG_COMPILER_GLOBAL_ACCENT_COLOR_NAME = AccentColor;
				CODE_SIGN_ENTITLEMENTS = "Music Library Exporter Helper/Supporting Files/Music_Library_Exporter_Helper.entitlements";
				COMBINE_HIDPI_IMAGES = YES;
				INFOPLIST_FILE = "Music Library Exporter Helper/Supporting Files/Info.plist";
				LD_RUNPATH_SEARCH_PATHS = (
					"$(inherited)",
					"@executable_path/../Frameworks",
				);
				PRODUCT_BUNDLE_IDENTIFIER = com.kylekingcdn.MusicLibraryExporter.MusicLibraryExporterHelper;
				PRODUCT_NAME = "$(TARGET_NAME)";
				PROVISIONING_PROFILE_SPECIFIER = "Music Library Exporter Helper - Development";
				SKIP_INSTALL = YES;
			};
			name = Debug;
		};
		27A2C06525C0934B00AAD73C /* Release */ = {
			isa = XCBuildConfiguration;
			buildSettings = {
				ASSETCATALOG_COMPILER_APPICON_NAME = AppIcon;
				ASSETCATALOG_COMPILER_GLOBAL_ACCENT_COLOR_NAME = AccentColor;
				CODE_SIGN_ENTITLEMENTS = "Music Library Exporter Helper/Supporting Files/Music_Library_Exporter_Helper.entitlements";
				COMBINE_HIDPI_IMAGES = YES;
				INFOPLIST_FILE = "Music Library Exporter Helper/Supporting Files/Info.plist";
				LD_RUNPATH_SEARCH_PATHS = (
					"$(inherited)",
					"@executable_path/../Frameworks",
				);
				PRODUCT_BUNDLE_IDENTIFIER = com.kylekingcdn.MusicLibraryExporter.MusicLibraryExporterHelper;
				PRODUCT_NAME = "$(TARGET_NAME)";
				PROVISIONING_PROFILE_SPECIFIER = "Music Library Exporter Helper";
				SKIP_INSTALL = YES;
			};
			name = Release;
		};
		27EF9A7325BF23920051CE7B /* Debug */ = {
			isa = XCBuildConfiguration;
			buildSettings = {
				ASSETCATALOG_COMPILER_APPICON_NAME = AppIcon;
				ASSETCATALOG_COMPILER_GLOBAL_ACCENT_COLOR_NAME = AccentColor;
				CODE_SIGN_ENTITLEMENTS = "Music Library Exporter/Supporting Files/Music_Library_Exporter.entitlements";
				COMBINE_HIDPI_IMAGES = YES;
				INFOPLIST_FILE = "Music Library Exporter/Supporting Files/Info.plist";
				LD_RUNPATH_SEARCH_PATHS = (
					"$(inherited)",
					"@executable_path/../Frameworks",
				);
				PRODUCT_BUNDLE_IDENTIFIER = com.kylekingcdn.MusicLibraryExporter;
				PRODUCT_NAME = "$(TARGET_NAME)";
				PROVISIONING_PROFILE_SPECIFIER = "Music Library Exporter - Development";
			};
			name = Debug;
		};
		27EF9A7425BF23920051CE7B /* Release */ = {
			isa = XCBuildConfiguration;
			buildSettings = {
				ASSETCATALOG_COMPILER_APPICON_NAME = AppIcon;
				ASSETCATALOG_COMPILER_GLOBAL_ACCENT_COLOR_NAME = AccentColor;
				CODE_SIGN_ENTITLEMENTS = "Music Library Exporter/Supporting Files/Music_Library_Exporter.entitlements";
				COMBINE_HIDPI_IMAGES = YES;
				INFOPLIST_FILE = "Music Library Exporter/Supporting Files/Info.plist";
				LD_RUNPATH_SEARCH_PATHS = (
					"$(inherited)",
					"@executable_path/../Frameworks",
				);
				PRODUCT_BUNDLE_IDENTIFIER = com.kylekingcdn.MusicLibraryExporter;
				PRODUCT_NAME = "$(TARGET_NAME)";
				PROVISIONING_PROFILE_SPECIFIER = "Music Library Exporter";
			};
			name = Release;
		};
/* End XCBuildConfiguration section */

/* Begin XCConfigurationList section */
		2705444025B66A0A00FE6D65 /* Build configuration list for PBXProject "Music Library Exporter" */ = {
			isa = XCConfigurationList;
			buildConfigurations = (
				2705444A25B66A0A00FE6D65 /* Debug */,
				2705444B25B66A0A00FE6D65 /* Release */,
			);
			defaultConfigurationIsVisible = 0;
			defaultConfigurationName = Release;
		};
		2705444C25B66A0A00FE6D65 /* Build configuration list for PBXNativeTarget "library-generator" */ = {
			isa = XCConfigurationList;
			buildConfigurations = (
				2705444D25B66A0A00FE6D65 /* Debug */,
				2705444E25B66A0A00FE6D65 /* Release */,
			);
			defaultConfigurationIsVisible = 0;
			defaultConfigurationName = Release;
		};
		27A2C06325C0934B00AAD73C /* Build configuration list for PBXNativeTarget "Music Library Exporter Helper" */ = {
			isa = XCConfigurationList;
			buildConfigurations = (
				27A2C06425C0934B00AAD73C /* Debug */,
				27A2C06525C0934B00AAD73C /* Release */,
			);
			defaultConfigurationIsVisible = 0;
			defaultConfigurationName = Release;
		};
		27EF9A7225BF23920051CE7B /* Build configuration list for PBXNativeTarget "Music Library Exporter" */ = {
			isa = XCConfigurationList;
			buildConfigurations = (
				27EF9A7325BF23920051CE7B /* Debug */,
				27EF9A7425BF23920051CE7B /* Release */,
			);
			defaultConfigurationIsVisible = 0;
			defaultConfigurationName = Release;
		};
/* End XCConfigurationList section */
	};
	rootObject = 2705443D25B66A0A00FE6D65 /* Project object */;
}
