// !$*UTF8*$!
{
	archiveVersion = 1;
	classes = {
	};
	objectVersion = 52;
	objects = {

/* Begin PBXBuildFile section */
		2705444925B66A0A00FE6D65 /* main.m in Sources */ = {isa = PBXBuildFile; fileRef = 2705444825B66A0A00FE6D65 /* main.m */; };
		2705445225B66B7A00FE6D65 /* iTunesLibrary.framework in Frameworks */ = {isa = PBXBuildFile; fileRef = 2705445125B66B7A00FE6D65 /* iTunesLibrary.framework */; };
		2705445925B670E700FE6D65 /* LibrarySerializer.m in Sources */ = {isa = PBXBuildFile; fileRef = 2705445825B670E700FE6D65 /* LibrarySerializer.m */; };
		271DD26E25DB9FCF009BB292 /* ArgParser.m in Sources */ = {isa = PBXBuildFile; fileRef = 271DD26D25DB9FCF009BB292 /* ArgParser.m */; };
		271DD27425DBA246009BB292 /* LGDefines.m in Sources */ = {isa = PBXBuildFile; fileRef = 271DD27325DBA246009BB292 /* LGDefines.m */; };
		2725CA4725D3F2D7002C1203 /* PlaylistsViewController.m in Sources */ = {isa = PBXBuildFile; fileRef = 2725CA4625D3F2D7002C1203 /* PlaylistsViewController.m */; };
		2725CA4C25D3F65C002C1203 /* PlaylistsView.xib in Resources */ = {isa = PBXBuildFile; fileRef = 2725CA4B25D3F65C002C1203 /* PlaylistsView.xib */; };
		272C8E9825C0E59C003CBF47 /* Assets.xcassets in Resources */ = {isa = PBXBuildFile; fileRef = 27EF9A6925BF23920051CE7B /* Assets.xcassets */; };
		272D6A0F25D1B104005023CA /* HourNumberFormatter.m in Sources */ = {isa = PBXBuildFile; fileRef = 272D6A0E25D1B0F7005023CA /* HourNumberFormatter.m */; };
		2739C5C325DE29E400C57218 /* LibraryGenerator.m in Sources */ = {isa = PBXBuildFile; fileRef = 2739C5BD25DE29A400C57218 /* LibraryGenerator.m */; };
		273B523325CA672300421B14 /* Defines.m in Sources */ = {isa = PBXBuildFile; fileRef = 273B522F25CA666000421B14 /* Defines.m */; };
		273B523725CA672700421B14 /* Defines.m in Sources */ = {isa = PBXBuildFile; fileRef = 273B522F25CA666000421B14 /* Defines.m */; };
		273E13EE25D1C6710012483C /* Sentry in Frameworks */ = {isa = PBXBuildFile; productRef = 273E13ED25D1C6710012483C /* Sentry */; };
		273E13F325D1C6860012483C /* Sentry in Frameworks */ = {isa = PBXBuildFile; productRef = 273E13F225D1C6860012483C /* Sentry */; };
		2749619325CE4FA400B98E11 /* LibraryFilter.m in Sources */ = {isa = PBXBuildFile; fileRef = 2749619225CE4F9700B98E11 /* LibraryFilter.m */; };
		2749619725CE4FAA00B98E11 /* LibraryFilter.m in Sources */ = {isa = PBXBuildFile; fileRef = 2749619225CE4F9700B98E11 /* LibraryFilter.m */; };
		2749619B25CE4FB000B98E11 /* LibraryFilter.m in Sources */ = {isa = PBXBuildFile; fileRef = 2749619225CE4F9700B98E11 /* LibraryFilter.m */; };
		27533C2A25CAA21300A3B4D9 /* ExportDelegate.m in Sources */ = {isa = PBXBuildFile; fileRef = 27533C2325CAA03C00A3B4D9 /* ExportDelegate.m */; };
		27533C2E25CAA21600A3B4D9 /* ExportDelegate.m in Sources */ = {isa = PBXBuildFile; fileRef = 27533C2325CAA03C00A3B4D9 /* ExportDelegate.m */; };
		275917EA25CE84980052E94C /* IOKit.framework in Frameworks */ = {isa = PBXBuildFile; fileRef = 275917E425CE847F0052E94C /* IOKit.framework */; };
		276442A225BD3F7600EE217C /* OrderedDictionary.m in Sources */ = {isa = PBXBuildFile; fileRef = 276442A125BD3F7600EE217C /* OrderedDictionary.m */; };
		276B1AD125D40BB3002D7289 /* PlaylistNode.m in Sources */ = {isa = PBXBuildFile; fileRef = 276B1ACF25D40BB3002D7289 /* PlaylistNode.m */; };
		276B1AD825D415A2002D7289 /* CheckBoxTableCellView.m in Sources */ = {isa = PBXBuildFile; fileRef = 276B1AD725D415A2002D7289 /* CheckBoxTableCellView.m */; };
		276B1AE125D42453002D7289 /* PopupButtonTableCellView.m in Sources */ = {isa = PBXBuildFile; fileRef = 276B1ADF25D42452002D7289 /* PopupButtonTableCellView.m */; };
		2783C74925C4FAF2002ED7B7 /* ConfigurationView.xib in Resources */ = {isa = PBXBuildFile; fileRef = 2783C74825C4FAF2002ED7B7 /* ConfigurationView.xib */; };
		2783C75825C4FB60002ED7B7 /* ConfigurationViewController.m in Sources */ = {isa = PBXBuildFile; fileRef = 2783C75725C4FB60002ED7B7 /* ConfigurationViewController.m */; };
		2783C76725C518CC002ED7B7 /* ExportConfiguration.m in Sources */ = {isa = PBXBuildFile; fileRef = 2783C76625C518CC002ED7B7 /* ExportConfiguration.m */; };
		2783C76825C518CC002ED7B7 /* ExportConfiguration.m in Sources */ = {isa = PBXBuildFile; fileRef = 2783C76625C518CC002ED7B7 /* ExportConfiguration.m */; };
		2783C76925C518CC002ED7B7 /* ExportConfiguration.m in Sources */ = {isa = PBXBuildFile; fileRef = 2783C76625C518CC002ED7B7 /* ExportConfiguration.m */; };
		27934B5925CB13D500488944 /* ScheduleDelegate.m in Sources */ = {isa = PBXBuildFile; fileRef = 273B522925CA5F3E00421B14 /* ScheduleDelegate.m */; };
		279E326025E07943008F8C56 /* PlaylistTree.m in Sources */ = {isa = PBXBuildFile; fileRef = 279E325725E077B7008F8C56 /* PlaylistTree.m */; };
		279E326425E0795B008F8C56 /* PlaylistNode.m in Sources */ = {isa = PBXBuildFile; fileRef = 276B1ACF25D40BB3002D7289 /* PlaylistNode.m */; };
		279E326825E0795D008F8C56 /* PlaylistTree.m in Sources */ = {isa = PBXBuildFile; fileRef = 279E325725E077B7008F8C56 /* PlaylistTree.m */; };
		279E326C25E07971008F8C56 /* PlaylistNode.m in Sources */ = {isa = PBXBuildFile; fileRef = 276B1ACF25D40BB3002D7289 /* PlaylistNode.m */; };
		279E327025E07976008F8C56 /* PlaylistTree.m in Sources */ = {isa = PBXBuildFile; fileRef = 279E325725E077B7008F8C56 /* PlaylistTree.m */; };
		27A2BFC325C085E400AAD73C /* Utils.m in Sources */ = {isa = PBXBuildFile; fileRef = 27C52A7325B69C4B00D829F3 /* Utils.m */; };
		27A2BFC425C085E400AAD73C /* LibraryParser.m in Sources */ = {isa = PBXBuildFile; fileRef = 27CDC90C25BADAFC0032BF79 /* LibraryParser.m */; };
		27A2BFC525C085E400AAD73C /* LibrarySerializer.m in Sources */ = {isa = PBXBuildFile; fileRef = 2705445825B670E700FE6D65 /* LibrarySerializer.m */; };
		27A2BFC625C085E400AAD73C /* OrderedDictionary.m in Sources */ = {isa = PBXBuildFile; fileRef = 276442A125BD3F7600EE217C /* OrderedDictionary.m */; };
		27A2BFC925C0860700AAD73C /* iTunesLibrary.framework in Frameworks */ = {isa = PBXBuildFile; fileRef = 2705445125B66B7A00FE6D65 /* iTunesLibrary.framework */; };
		27A2C02225C08FF700AAD73C /* ServiceManagement.framework in Frameworks */ = {isa = PBXBuildFile; fileRef = 27A2C02125C08FF700AAD73C /* ServiceManagement.framework */; };
		27A2C05925C0934A00AAD73C /* AppDelegate.m in Sources */ = {isa = PBXBuildFile; fileRef = 27A2C05825C0934A00AAD73C /* AppDelegate.m */; };
		27A2C05E25C0934B00AAD73C /* MainMenu.xib in Resources */ = {isa = PBXBuildFile; fileRef = 27A2C05C25C0934A00AAD73C /* MainMenu.xib */; };
		27A2C06125C0934B00AAD73C /* main.m in Sources */ = {isa = PBXBuildFile; fileRef = 27A2C06025C0934B00AAD73C /* main.m */; };
		27A2C07225C0943C00AAD73C /* Music Library Exporter Helper.app in Copy Helper App */ = {isa = PBXBuildFile; fileRef = 27A2C05525C0934A00AAD73C /* Music Library Exporter Helper.app */; settings = {ATTRIBUTES = (RemoveHeadersOnCopy, ); }; };
		27A2C08725C097B600AAD73C /* OrderedDictionary.m in Sources */ = {isa = PBXBuildFile; fileRef = 276442A125BD3F7600EE217C /* OrderedDictionary.m */; };
		27A2C08B25C097C000AAD73C /* Utils.m in Sources */ = {isa = PBXBuildFile; fileRef = 27C52A7325B69C4B00D829F3 /* Utils.m */; };
		27A2C08C25C097C000AAD73C /* LibraryParser.m in Sources */ = {isa = PBXBuildFile; fileRef = 27CDC90C25BADAFC0032BF79 /* LibraryParser.m */; };
		27A2C08D25C097C000AAD73C /* LibrarySerializer.m in Sources */ = {isa = PBXBuildFile; fileRef = 2705445825B670E700FE6D65 /* LibrarySerializer.m */; };
		27A2C09125C097DF00AAD73C /* iTunesLibrary.framework in Frameworks */ = {isa = PBXBuildFile; fileRef = 2705445125B66B7A00FE6D65 /* iTunesLibrary.framework */; };
		27B07F9A25DD8195003F3378 /* libArgumentParser-Static.a in Frameworks */ = {isa = PBXBuildFile; fileRef = 271DD26625DB9F3D009BB292 /* libArgumentParser-Static.a */; };
		27C0A0F125CB046500EDDE22 /* ScheduleConfiguration.m in Sources */ = {isa = PBXBuildFile; fileRef = 27C0A0EF25CB045C00EDDE22 /* ScheduleConfiguration.m */; };
		27C0A0F525CB046A00EDDE22 /* ScheduleConfiguration.m in Sources */ = {isa = PBXBuildFile; fileRef = 27C0A0EF25CB045C00EDDE22 /* ScheduleConfiguration.m */; };
		27C0A10425CB0BF100EDDE22 /* HelperDelegate.m in Sources */ = {isa = PBXBuildFile; fileRef = 27C0A10325CB0BF100EDDE22 /* HelperDelegate.m */; };
		27C52A7425B69C4B00D829F3 /* Utils.m in Sources */ = {isa = PBXBuildFile; fileRef = 27C52A7325B69C4B00D829F3 /* Utils.m */; };
		27CDC90D25BADAFC0032BF79 /* LibraryParser.m in Sources */ = {isa = PBXBuildFile; fileRef = 27CDC90C25BADAFC0032BF79 /* LibraryParser.m */; };
		27D56E5425D85B2700A87B1F /* Credits.rtf in Resources */ = {isa = PBXBuildFile; fileRef = 27D56E4C25D85A5B00A87B1F /* Credits.rtf */; };
		27D56E5825D85B2700A87B1F /* Credits.rtf in Resources */ = {isa = PBXBuildFile; fileRef = 27D56E4C25D85A5B00A87B1F /* Credits.rtf */; };
		27D6827525D9055300BBF8FE /* Defines.m in Sources */ = {isa = PBXBuildFile; fileRef = 273B522F25CA666000421B14 /* Defines.m */; };
		27EC7C6325C8C41300996E9E /* UserDefaultsExportConfiguration.m in Sources */ = {isa = PBXBuildFile; fileRef = 27EC7C6225C8C3E500996E9E /* UserDefaultsExportConfiguration.m */; };
		27EC7C6725C8C41800996E9E /* UserDefaultsExportConfiguration.m in Sources */ = {isa = PBXBuildFile; fileRef = 27EC7C6225C8C3E500996E9E /* UserDefaultsExportConfiguration.m */; };
		27EF9A6825BF23910051CE7B /* AppDelegate.m in Sources */ = {isa = PBXBuildFile; fileRef = 27EF9A6725BF23910051CE7B /* AppDelegate.m */; };
		27EF9A6A25BF23920051CE7B /* Assets.xcassets in Resources */ = {isa = PBXBuildFile; fileRef = 27EF9A6925BF23920051CE7B /* Assets.xcassets */; };
		27EF9A6D25BF23920051CE7B /* MainMenu.xib in Resources */ = {isa = PBXBuildFile; fileRef = 27EF9A6B25BF23920051CE7B /* MainMenu.xib */; };
		27EF9A7025BF23920051CE7B /* main.m in Sources */ = {isa = PBXBuildFile; fileRef = 27EF9A6F25BF23920051CE7B /* main.m */; };
		27F253E525D8710400243606 /* DirectoryPermissionsWindow.xib in Resources */ = {isa = PBXBuildFile; fileRef = 27F253E425D8710400243606 /* DirectoryPermissionsWindow.xib */; };
		27F253EB25D87F7700243606 /* DirectoryPermissionsWindowController.m in Sources */ = {isa = PBXBuildFile; fileRef = 27F253EA25D87F7700243606 /* DirectoryPermissionsWindowController.m */; };
		27F5865C25E4660D00872731 /* MLESentryHandler.m in Sources */ = {isa = PBXBuildFile; fileRef = 27F5865325E4656D00872731 /* MLESentryHandler.m */; };
		27F5866025E4661300872731 /* MLESentryHandler.m in Sources */ = {isa = PBXBuildFile; fileRef = 27F5865325E4656D00872731 /* MLESentryHandler.m */; };
/* End PBXBuildFile section */

/* Begin PBXContainerItemProxy section */
		271DD25D25DB9F3D009BB292 /* PBXContainerItemProxy */ = {
			isa = PBXContainerItemProxy;
			containerPortal = 270D786825DB682000B3D409 /* ArgumentParser.xcodeproj */;
			proxyType = 2;
			remoteGlobalIDString = DACF2EC414FD3B2F0097C754;
			remoteInfo = desc;
		};
		271DD25F25DB9F3D009BB292 /* PBXContainerItemProxy */ = {
			isa = PBXContainerItemProxy;
			containerPortal = 270D786825DB682000B3D409 /* ArgumentParser.xcodeproj */;
			proxyType = 2;
			remoteGlobalIDString = DACF2EDF14FD3B630097C754;
			remoteInfo = "long-desc";
		};
		271DD26125DB9F3D009BB292 /* PBXContainerItemProxy */ = {
			isa = PBXContainerItemProxy;
			containerPortal = 270D786825DB682000B3D409 /* ArgumentParser.xcodeproj */;
			proxyType = 2;
			remoteGlobalIDString = DACF2EF214FD3B7A0097C754;
			remoteInfo = spiffy;
		};
		271DD26325DB9F3D009BB292 /* PBXContainerItemProxy */ = {
			isa = PBXContainerItemProxy;
			containerPortal = 270D786825DB682000B3D409 /* ArgumentParser.xcodeproj */;
			proxyType = 2;
			remoteGlobalIDString = DA00447A155D94FF0028A012;
			remoteInfo = "ArgumentParser-Dynamic";
		};
		271DD26525DB9F3D009BB292 /* PBXContainerItemProxy */ = {
			isa = PBXContainerItemProxy;
			containerPortal = 270D786825DB682000B3D409 /* ArgumentParser.xcodeproj */;
			proxyType = 2;
			remoteGlobalIDString = DA87348918970AB800113896;
			remoteInfo = "ArgumentParser-Static";
		};
		271DD26725DB9F3D009BB292 /* PBXContainerItemProxy */ = {
			isa = PBXContainerItemProxy;
			containerPortal = 270D786825DB682000B3D409 /* ArgumentParser.xcodeproj */;
			proxyType = 2;
			remoteGlobalIDString = DA01E2FF1A8471E20012BCAE;
			remoteInfo = "ArgumentParser-Dynamic Tests";
		};
		27A2C07025C0943900AAD73C /* PBXContainerItemProxy */ = {
			isa = PBXContainerItemProxy;
			containerPortal = 2705443D25B66A0A00FE6D65 /* Project object */;
			proxyType = 1;
			remoteGlobalIDString = 27A2C05425C0934A00AAD73C;
			remoteInfo = "Music Library Exporter Helper";
		};
		27B07F9825DD818D003F3378 /* PBXContainerItemProxy */ = {
			isa = PBXContainerItemProxy;
			containerPortal = 270D786825DB682000B3D409 /* ArgumentParser.xcodeproj */;
			proxyType = 1;
			remoteGlobalIDString = DA87348818970AB800113896;
			remoteInfo = "ArgumentParser-Static";
		};
/* End PBXContainerItemProxy section */

/* Begin PBXCopyFilesBuildPhase section */
		2705444325B66A0A00FE6D65 /* CopyFiles */ = {
			isa = PBXCopyFilesBuildPhase;
			buildActionMask = 2147483647;
			dstPath = /usr/share/man/man1/;
			dstSubfolderSpec = 0;
			files = (
			);
			runOnlyForDeploymentPostprocessing = 1;
		};
		27A2C01025C08F6B00AAD73C /* Copy Helper App */ = {
			isa = PBXCopyFilesBuildPhase;
			buildActionMask = 2147483647;
			dstPath = Contents/Library/LoginItems;
			dstSubfolderSpec = 1;
			files = (
				27A2C07225C0943C00AAD73C /* Music Library Exporter Helper.app in Copy Helper App */,
			);
			name = "Copy Helper App";
			runOnlyForDeploymentPostprocessing = 0;
		};
/* End PBXCopyFilesBuildPhase section */

/* Begin PBXFileReference section */
		2705444525B66A0A00FE6D65 /* library-generator */ = {isa = PBXFileReference; explicitFileType = "compiled.mach-o.executable"; includeInIndex = 0; path = "library-generator"; sourceTree = BUILT_PRODUCTS_DIR; };
		2705444825B66A0A00FE6D65 /* main.m */ = {isa = PBXFileReference; lastKnownFileType = sourcecode.c.objc; path = main.m; sourceTree = "<group>"; };
		2705445125B66B7A00FE6D65 /* iTunesLibrary.framework */ = {isa = PBXFileReference; lastKnownFileType = wrapper.framework; name = iTunesLibrary.framework; path = System/Library/Frameworks/iTunesLibrary.framework; sourceTree = SDKROOT; };
		2705445725B670E700FE6D65 /* LibrarySerializer.h */ = {isa = PBXFileReference; lastKnownFileType = sourcecode.c.h; path = LibrarySerializer.h; sourceTree = "<group>"; };
		2705445825B670E700FE6D65 /* LibrarySerializer.m */ = {isa = PBXFileReference; lastKnownFileType = sourcecode.c.objc; path = LibrarySerializer.m; sourceTree = "<group>"; };
		270D786825DB682000B3D409 /* ArgumentParser.xcodeproj */ = {isa = PBXFileReference; lastKnownFileType = "wrapper.pb-project"; name = ArgumentParser.xcodeproj; path = ArgumentParser/ArgumentParser.xcodeproj; sourceTree = "<group>"; };
		271DD26C25DB9FCF009BB292 /* ArgParser.h */ = {isa = PBXFileReference; lastKnownFileType = sourcecode.c.h; path = ArgParser.h; sourceTree = "<group>"; };
		271DD26D25DB9FCF009BB292 /* ArgParser.m */ = {isa = PBXFileReference; lastKnownFileType = sourcecode.c.objc; path = ArgParser.m; sourceTree = "<group>"; };
		271DD27225DBA246009BB292 /* LGDefines.h */ = {isa = PBXFileReference; lastKnownFileType = sourcecode.c.h; path = LGDefines.h; sourceTree = "<group>"; };
		271DD27325DBA246009BB292 /* LGDefines.m */ = {isa = PBXFileReference; lastKnownFileType = sourcecode.c.objc; path = LGDefines.m; sourceTree = "<group>"; };
		2725CA4525D3F2D7002C1203 /* PlaylistsViewController.h */ = {isa = PBXFileReference; lastKnownFileType = sourcecode.c.h; path = PlaylistsViewController.h; sourceTree = "<group>"; };
		2725CA4625D3F2D7002C1203 /* PlaylistsViewController.m */ = {isa = PBXFileReference; lastKnownFileType = sourcecode.c.objc; path = PlaylistsViewController.m; sourceTree = "<group>"; };
		2725CA4B25D3F65C002C1203 /* PlaylistsView.xib */ = {isa = PBXFileReference; lastKnownFileType = file.xib; path = PlaylistsView.xib; sourceTree = "<group>"; };
		272D6A0D25D1B0F7005023CA /* HourNumberFormatter.h */ = {isa = PBXFileReference; lastKnownFileType = sourcecode.c.h; path = HourNumberFormatter.h; sourceTree = "<group>"; };
		272D6A0E25D1B0F7005023CA /* HourNumberFormatter.m */ = {isa = PBXFileReference; lastKnownFileType = sourcecode.c.objc; path = HourNumberFormatter.m; sourceTree = "<group>"; };
		2739C5BC25DE29A400C57218 /* LibraryGenerator.h */ = {isa = PBXFileReference; lastKnownFileType = sourcecode.c.h; path = LibraryGenerator.h; sourceTree = "<group>"; };
		2739C5BD25DE29A400C57218 /* LibraryGenerator.m */ = {isa = PBXFileReference; lastKnownFileType = sourcecode.c.objc; path = LibraryGenerator.m; sourceTree = "<group>"; };
		273B522825CA5F3E00421B14 /* ScheduleDelegate.h */ = {isa = PBXFileReference; lastKnownFileType = sourcecode.c.h; name = ScheduleDelegate.h; path = "Music Library Exporter Helper/ScheduleDelegate.h"; sourceTree = SOURCE_ROOT; };
		273B522925CA5F3E00421B14 /* ScheduleDelegate.m */ = {isa = PBXFileReference; lastKnownFileType = sourcecode.c.objc; name = ScheduleDelegate.m; path = "Music Library Exporter Helper/ScheduleDelegate.m"; sourceTree = SOURCE_ROOT; };
		273B522E25CA666000421B14 /* Defines.h */ = {isa = PBXFileReference; lastKnownFileType = sourcecode.c.h; path = Defines.h; sourceTree = "<group>"; };
		273B522F25CA666000421B14 /* Defines.m */ = {isa = PBXFileReference; lastKnownFileType = sourcecode.c.objc; path = Defines.m; sourceTree = "<group>"; };
		2749611525CE2A1700B98E11 /* Music Library Exporter Helper.xcconfig */ = {isa = PBXFileReference; lastKnownFileType = text.xcconfig; path = "Music Library Exporter Helper.xcconfig"; sourceTree = "<group>"; };
		2749611725CE2A1700B98E11 /* Music Library Exporter.xcconfig */ = {isa = PBXFileReference; lastKnownFileType = text.xcconfig; path = "Music Library Exporter.xcconfig"; sourceTree = "<group>"; };
		2749611925CE2A1700B98E11 /* library-generator.xcconfig */ = {isa = PBXFileReference; lastKnownFileType = text.xcconfig; path = "library-generator.xcconfig"; sourceTree = "<group>"; };
		2749612025CE2A1700B98E11 /* Debug.xcconfig */ = {isa = PBXFileReference; lastKnownFileType = text.xcconfig; path = Debug.xcconfig; sourceTree = "<group>"; };
		2749612125CE2A1700B98E11 /* Release.xcconfig */ = {isa = PBXFileReference; lastKnownFileType = text.xcconfig; path = Release.xcconfig; sourceTree = "<group>"; };
		2749612225CE2A1700B98E11 /* Version.xcconfig */ = {isa = PBXFileReference; lastKnownFileType = text.xcconfig; path = Version.xcconfig; sourceTree = "<group>"; };
		2749612325CE2A1700B98E11 /* Base.xcconfig */ = {isa = PBXFileReference; lastKnownFileType = text.xcconfig; path = Base.xcconfig; sourceTree = "<group>"; };
		2749612425CE2FF400B98E11 /* Signing.xcconfig */ = {isa = PBXFileReference; lastKnownFileType = text.xcconfig; path = Signing.xcconfig; sourceTree = "<group>"; };
		2749619125CE4F9700B98E11 /* LibraryFilter.h */ = {isa = PBXFileReference; lastKnownFileType = sourcecode.c.h; path = LibraryFilter.h; sourceTree = "<group>"; };
		2749619225CE4F9700B98E11 /* LibraryFilter.m */ = {isa = PBXFileReference; lastKnownFileType = sourcecode.c.objc; path = LibraryFilter.m; sourceTree = "<group>"; };
		27533C2225CAA03C00A3B4D9 /* ExportDelegate.h */ = {isa = PBXFileReference; lastKnownFileType = sourcecode.c.h; path = ExportDelegate.h; sourceTree = "<group>"; };
		27533C2325CAA03C00A3B4D9 /* ExportDelegate.m */ = {isa = PBXFileReference; lastKnownFileType = sourcecode.c.objc; path = ExportDelegate.m; sourceTree = "<group>"; };
		275917E425CE847F0052E94C /* IOKit.framework */ = {isa = PBXFileReference; lastKnownFileType = wrapper.framework; name = IOKit.framework; path = System/Library/Frameworks/IOKit.framework; sourceTree = SDKROOT; };
		276442A025BD3F7600EE217C /* OrderedDictionary.h */ = {isa = PBXFileReference; fileEncoding = 4; lastKnownFileType = sourcecode.c.h; path = OrderedDictionary.h; sourceTree = "<group>"; };
		276442A125BD3F7600EE217C /* OrderedDictionary.m */ = {isa = PBXFileReference; fileEncoding = 4; lastKnownFileType = sourcecode.c.objc; path = OrderedDictionary.m; sourceTree = "<group>"; };
		276B1ACF25D40BB3002D7289 /* PlaylistNode.m */ = {isa = PBXFileReference; fileEncoding = 4; lastKnownFileType = sourcecode.c.objc; path = PlaylistNode.m; sourceTree = "<group>"; };
		276B1AD025D40BB3002D7289 /* PlaylistNode.h */ = {isa = PBXFileReference; fileEncoding = 4; lastKnownFileType = sourcecode.c.h; path = PlaylistNode.h; sourceTree = "<group>"; };
		276B1AD625D415A2002D7289 /* CheckBoxTableCellView.h */ = {isa = PBXFileReference; lastKnownFileType = sourcecode.c.h; path = CheckBoxTableCellView.h; sourceTree = "<group>"; };
		276B1AD725D415A2002D7289 /* CheckBoxTableCellView.m */ = {isa = PBXFileReference; lastKnownFileType = sourcecode.c.objc; path = CheckBoxTableCellView.m; sourceTree = "<group>"; };
		276B1ADF25D42452002D7289 /* PopupButtonTableCellView.m */ = {isa = PBXFileReference; lastKnownFileType = sourcecode.c.objc; path = PopupButtonTableCellView.m; sourceTree = "<group>"; };
		276B1AE025D42453002D7289 /* PopupButtonTableCellView.h */ = {isa = PBXFileReference; lastKnownFileType = sourcecode.c.h; path = PopupButtonTableCellView.h; sourceTree = "<group>"; };
		2783C74825C4FAF2002ED7B7 /* ConfigurationView.xib */ = {isa = PBXFileReference; lastKnownFileType = file.xib; path = ConfigurationView.xib; sourceTree = "<group>"; };
		2783C75625C4FB60002ED7B7 /* ConfigurationViewController.h */ = {isa = PBXFileReference; lastKnownFileType = sourcecode.c.h; path = ConfigurationViewController.h; sourceTree = "<group>"; };
		2783C75725C4FB60002ED7B7 /* ConfigurationViewController.m */ = {isa = PBXFileReference; lastKnownFileType = sourcecode.c.objc; path = ConfigurationViewController.m; sourceTree = "<group>"; };
		2783C76525C518CC002ED7B7 /* ExportConfiguration.h */ = {isa = PBXFileReference; lastKnownFileType = sourcecode.c.h; path = ExportConfiguration.h; sourceTree = "<group>"; };
		2783C76625C518CC002ED7B7 /* ExportConfiguration.m */ = {isa = PBXFileReference; lastKnownFileType = sourcecode.c.objc; path = ExportConfiguration.m; sourceTree = "<group>"; };
		279E325625E077B7008F8C56 /* PlaylistTree.h */ = {isa = PBXFileReference; lastKnownFileType = sourcecode.c.h; name = PlaylistTree.h; path = common/PlaylistTree.h; sourceTree = SOURCE_ROOT; };
		279E325725E077B7008F8C56 /* PlaylistTree.m */ = {isa = PBXFileReference; lastKnownFileType = sourcecode.c.objc; name = PlaylistTree.m; path = common/PlaylistTree.m; sourceTree = SOURCE_ROOT; };
		27A2C02125C08FF700AAD73C /* ServiceManagement.framework */ = {isa = PBXFileReference; lastKnownFileType = wrapper.framework; name = ServiceManagement.framework; path = System/Library/Frameworks/ServiceManagement.framework; sourceTree = SDKROOT; };
		27A2C05525C0934A00AAD73C /* Music Library Exporter Helper.app */ = {isa = PBXFileReference; explicitFileType = wrapper.application; includeInIndex = 0; path = "Music Library Exporter Helper.app"; sourceTree = BUILT_PRODUCTS_DIR; };
		27A2C05725C0934A00AAD73C /* AppDelegate.h */ = {isa = PBXFileReference; lastKnownFileType = sourcecode.c.h; path = AppDelegate.h; sourceTree = "<group>"; };
		27A2C05825C0934A00AAD73C /* AppDelegate.m */ = {isa = PBXFileReference; lastKnownFileType = sourcecode.c.objc; path = AppDelegate.m; sourceTree = "<group>"; };
		27A2C05D25C0934B00AAD73C /* Base */ = {isa = PBXFileReference; lastKnownFileType = file.xib; name = Base; path = Base.lproj/MainMenu.xib; sourceTree = "<group>"; };
		27A2C05F25C0934B00AAD73C /* Info.plist */ = {isa = PBXFileReference; lastKnownFileType = text.plist.xml; path = Info.plist; sourceTree = "<group>"; };
		27A2C06025C0934B00AAD73C /* main.m */ = {isa = PBXFileReference; lastKnownFileType = sourcecode.c.objc; path = main.m; sourceTree = "<group>"; };
		27A2C06225C0934B00AAD73C /* Music_Library_Exporter_Helper.entitlements */ = {isa = PBXFileReference; lastKnownFileType = text.plist.entitlements; path = Music_Library_Exporter_Helper.entitlements; sourceTree = "<group>"; };
		27A4496725DE026B00C770E8 /* Logger.h */ = {isa = PBXFileReference; lastKnownFileType = sourcecode.c.h; path = Logger.h; sourceTree = "<group>"; };
		27C0A0EF25CB045C00EDDE22 /* ScheduleConfiguration.m */ = {isa = PBXFileReference; lastKnownFileType = sourcecode.c.objc; path = ScheduleConfiguration.m; sourceTree = "<group>"; };
		27C0A0F025CB045C00EDDE22 /* ScheduleConfiguration.h */ = {isa = PBXFileReference; lastKnownFileType = sourcecode.c.h; path = ScheduleConfiguration.h; sourceTree = "<group>"; };
		27C0A10225CB0BF100EDDE22 /* HelperDelegate.h */ = {isa = PBXFileReference; fileEncoding = 4; lastKnownFileType = sourcecode.c.h; name = HelperDelegate.h; path = "Music Library Exporter/HelperDelegate.h"; sourceTree = SOURCE_ROOT; };
		27C0A10325CB0BF100EDDE22 /* HelperDelegate.m */ = {isa = PBXFileReference; fileEncoding = 4; lastKnownFileType = sourcecode.c.objc; name = HelperDelegate.m; path = "Music Library Exporter/HelperDelegate.m"; sourceTree = SOURCE_ROOT; };
		27C52A7225B69C4B00D829F3 /* Utils.h */ = {isa = PBXFileReference; lastKnownFileType = sourcecode.c.h; path = Utils.h; sourceTree = "<group>"; };
		27C52A7325B69C4B00D829F3 /* Utils.m */ = {isa = PBXFileReference; lastKnownFileType = sourcecode.c.objc; path = Utils.m; sourceTree = "<group>"; };
		27CDC90B25BADAFC0032BF79 /* LibraryParser.h */ = {isa = PBXFileReference; lastKnownFileType = sourcecode.c.h; path = LibraryParser.h; sourceTree = "<group>"; };
		27CDC90C25BADAFC0032BF79 /* LibraryParser.m */ = {isa = PBXFileReference; lastKnownFileType = sourcecode.c.objc; path = LibraryParser.m; sourceTree = "<group>"; };
		27D56E4C25D85A5B00A87B1F /* Credits.rtf */ = {isa = PBXFileReference; fileEncoding = 4; lastKnownFileType = text.rtf; path = Credits.rtf; sourceTree = "<group>"; };
		27EC7C6125C8C3E500996E9E /* UserDefaultsExportConfiguration.h */ = {isa = PBXFileReference; lastKnownFileType = sourcecode.c.h; path = UserDefaultsExportConfiguration.h; sourceTree = "<group>"; };
		27EC7C6225C8C3E500996E9E /* UserDefaultsExportConfiguration.m */ = {isa = PBXFileReference; lastKnownFileType = sourcecode.c.objc; path = UserDefaultsExportConfiguration.m; sourceTree = "<group>"; };
		27EF9A6425BF23910051CE7B /* Music Library Exporter.app */ = {isa = PBXFileReference; explicitFileType = wrapper.application; includeInIndex = 0; path = "Music Library Exporter.app"; sourceTree = BUILT_PRODUCTS_DIR; };
		27EF9A6625BF23910051CE7B /* AppDelegate.h */ = {isa = PBXFileReference; lastKnownFileType = sourcecode.c.h; path = AppDelegate.h; sourceTree = "<group>"; };
		27EF9A6725BF23910051CE7B /* AppDelegate.m */ = {isa = PBXFileReference; lastKnownFileType = sourcecode.c.objc; path = AppDelegate.m; sourceTree = "<group>"; };
		27EF9A6925BF23920051CE7B /* Assets.xcassets */ = {isa = PBXFileReference; lastKnownFileType = folder.assetcatalog; path = Assets.xcassets; sourceTree = "<group>"; };
		27EF9A6C25BF23920051CE7B /* Base */ = {isa = PBXFileReference; lastKnownFileType = file.xib; name = Base; path = Base.lproj/MainMenu.xib; sourceTree = "<group>"; };
		27EF9A6E25BF23920051CE7B /* Info.plist */ = {isa = PBXFileReference; lastKnownFileType = text.plist.xml; path = Info.plist; sourceTree = "<group>"; };
		27EF9A6F25BF23920051CE7B /* main.m */ = {isa = PBXFileReference; lastKnownFileType = sourcecode.c.objc; path = main.m; sourceTree = "<group>"; };
		27EF9A7125BF23920051CE7B /* Music_Library_Exporter.entitlements */ = {isa = PBXFileReference; lastKnownFileType = text.plist.entitlements; path = Music_Library_Exporter.entitlements; sourceTree = "<group>"; };
		27F253E025D867B300243606 /* Sentry.xcconfig */ = {isa = PBXFileReference; lastKnownFileType = text.xcconfig; path = Sentry.xcconfig; sourceTree = "<group>"; };
		27F253E425D8710400243606 /* DirectoryPermissionsWindow.xib */ = {isa = PBXFileReference; lastKnownFileType = file.xib; path = DirectoryPermissionsWindow.xib; sourceTree = "<group>"; };
		27F253E925D87F7700243606 /* DirectoryPermissionsWindowController.h */ = {isa = PBXFileReference; lastKnownFileType = sourcecode.c.h; path = DirectoryPermissionsWindowController.h; sourceTree = "<group>"; };
		27F253EA25D87F7700243606 /* DirectoryPermissionsWindowController.m */ = {isa = PBXFileReference; lastKnownFileType = sourcecode.c.objc; path = DirectoryPermissionsWindowController.m; sourceTree = "<group>"; };
		27F5865225E4656D00872731 /* MLESentryHandler.h */ = {isa = PBXFileReference; lastKnownFileType = sourcecode.c.h; path = MLESentryHandler.h; sourceTree = "<group>"; };
		27F5865325E4656D00872731 /* MLESentryHandler.m */ = {isa = PBXFileReference; lastKnownFileType = sourcecode.c.objc; path = MLESentryHandler.m; sourceTree = "<group>"; };
/* End PBXFileReference section */

/* Begin PBXFrameworksBuildPhase section */
		2705444225B66A0A00FE6D65 /* Frameworks */ = {
			isa = PBXFrameworksBuildPhase;
			buildActionMask = 2147483647;
			files = (
				2705445225B66B7A00FE6D65 /* iTunesLibrary.framework in Frameworks */,
				27B07F9A25DD8195003F3378 /* libArgumentParser-Static.a in Frameworks */,
			);
			runOnlyForDeploymentPostprocessing = 0;
		};
		27A2C05225C0934A00AAD73C /* Frameworks */ = {
			isa = PBXFrameworksBuildPhase;
			buildActionMask = 2147483647;
			files = (
				27A2C09125C097DF00AAD73C /* iTunesLibrary.framework in Frameworks */,
				275917EA25CE84980052E94C /* IOKit.framework in Frameworks */,
				273E13F325D1C6860012483C /* Sentry in Frameworks */,
			);
			runOnlyForDeploymentPostprocessing = 0;
		};
		27EF9A6125BF23910051CE7B /* Frameworks */ = {
			isa = PBXFrameworksBuildPhase;
			buildActionMask = 2147483647;
			files = (
				27A2BFC925C0860700AAD73C /* iTunesLibrary.framework in Frameworks */,
				27A2C02225C08FF700AAD73C /* ServiceManagement.framework in Frameworks */,
				273E13EE25D1C6710012483C /* Sentry in Frameworks */,
			);
			runOnlyForDeploymentPostprocessing = 0;
		};
/* End PBXFrameworksBuildPhase section */

/* Begin PBXGroup section */
		2705443C25B66A0A00FE6D65 = {
			isa = PBXGroup;
			children = (
				2749611325CE2A1700B98E11 /* Config */,
				27A2BFBE25C0851B00AAD73C /* common */,
				27EF9A6525BF23910051CE7B /* Music Library Exporter */,
				27A2C05625C0934A00AAD73C /* Music Library Exporter Helper */,
				27EF9A3D25BF20C60051CE7B /* library-generator */,
				27EF9A5E25BF21FE0051CE7B /* 3rd */,
				2705445025B66B7A00FE6D65 /* Frameworks */,
				2705444625B66A0A00FE6D65 /* Products */,
			);
			sourceTree = "<group>";
		};
		2705444625B66A0A00FE6D65 /* Products */ = {
			isa = PBXGroup;
			children = (
				2705444525B66A0A00FE6D65 /* library-generator */,
				27EF9A6425BF23910051CE7B /* Music Library Exporter.app */,
				27A2C05525C0934A00AAD73C /* Music Library Exporter Helper.app */,
			);
			name = Products;
			sourceTree = "<group>";
		};
		2705445025B66B7A00FE6D65 /* Frameworks */ = {
			isa = PBXGroup;
			children = (
				275917E425CE847F0052E94C /* IOKit.framework */,
				2705445125B66B7A00FE6D65 /* iTunesLibrary.framework */,
				27A2C02125C08FF700AAD73C /* ServiceManagement.framework */,
			);
			name = Frameworks;
			sourceTree = "<group>";
		};
		271DD25025DB9F3C009BB292 /* Products */ = {
			isa = PBXGroup;
			children = (
				271DD25E25DB9F3D009BB292 /* desc */,
				271DD26025DB9F3D009BB292 /* long-desc */,
				271DD26225DB9F3D009BB292 /* spiffy */,
				271DD26425DB9F3D009BB292 /* ArgumentParser-Dynamic.dylib */,
				271DD26625DB9F3D009BB292 /* libArgumentParser-Static.a */,
				271DD26825DB9F3D009BB292 /* ArgumentParser-Dynamic Tests.xctest */,
			);
			name = Products;
			sourceTree = "<group>";
		};
		2749611325CE2A1700B98E11 /* Config */ = {
			isa = PBXGroup;
			children = (
				2749611F25CE2A1700B98E11 /* Common */,
				2749611425CE2A1700B98E11 /* Schemes */,
			);
			path = Config;
			sourceTree = "<group>";
		};
		2749611425CE2A1700B98E11 /* Schemes */ = {
			isa = PBXGroup;
			children = (
				2749611725CE2A1700B98E11 /* Music Library Exporter.xcconfig */,
				2749611525CE2A1700B98E11 /* Music Library Exporter Helper.xcconfig */,
				2749611925CE2A1700B98E11 /* library-generator.xcconfig */,
			);
			path = Schemes;
			sourceTree = "<group>";
		};
		2749611F25CE2A1700B98E11 /* Common */ = {
			isa = PBXGroup;
			children = (
				2749612325CE2A1700B98E11 /* Base.xcconfig */,
				2749612225CE2A1700B98E11 /* Version.xcconfig */,
				2749612425CE2FF400B98E11 /* Signing.xcconfig */,
				2749612025CE2A1700B98E11 /* Debug.xcconfig */,
				2749612125CE2A1700B98E11 /* Release.xcconfig */,
				27F253E025D867B300243606 /* Sentry.xcconfig */,
			);
			path = Common;
			sourceTree = "<group>";
		};
		27A2BFBE25C0851B00AAD73C /* common */ = {
			isa = PBXGroup;
			children = (
				27A4496725DE026B00C770E8 /* Logger.h */,
				273B522E25CA666000421B14 /* Defines.h */,
				273B522F25CA666000421B14 /* Defines.m */,
				27C52A7225B69C4B00D829F3 /* Utils.h */,
				27C52A7325B69C4B00D829F3 /* Utils.m */,
				27F5865225E4656D00872731 /* MLESentryHandler.h */,
				27F5865325E4656D00872731 /* MLESentryHandler.m */,
				2749619125CE4F9700B98E11 /* LibraryFilter.h */,
				2749619225CE4F9700B98E11 /* LibraryFilter.m */,
				27CDC90B25BADAFC0032BF79 /* LibraryParser.h */,
				27CDC90C25BADAFC0032BF79 /* LibraryParser.m */,
				2705445725B670E700FE6D65 /* LibrarySerializer.h */,
				2705445825B670E700FE6D65 /* LibrarySerializer.m */,
				279E325625E077B7008F8C56 /* PlaylistTree.h */,
				279E325725E077B7008F8C56 /* PlaylistTree.m */,
				276B1AD025D40BB3002D7289 /* PlaylistNode.h */,
				276B1ACF25D40BB3002D7289 /* PlaylistNode.m */,
				2783C76525C518CC002ED7B7 /* ExportConfiguration.h */,
				2783C76625C518CC002ED7B7 /* ExportConfiguration.m */,
				27EC7C6125C8C3E500996E9E /* UserDefaultsExportConfiguration.h */,
				27EC7C6225C8C3E500996E9E /* UserDefaultsExportConfiguration.m */,
				27533C2225CAA03C00A3B4D9 /* ExportDelegate.h */,
				27533C2325CAA03C00A3B4D9 /* ExportDelegate.m */,
				27C0A0F025CB045C00EDDE22 /* ScheduleConfiguration.h */,
				27C0A0EF25CB045C00EDDE22 /* ScheduleConfiguration.m */,
			);
			path = common;
			sourceTree = "<group>";
		};
		27A2C05625C0934A00AAD73C /* Music Library Exporter Helper */ = {
			isa = PBXGroup;
			children = (
				27A2C06025C0934B00AAD73C /* main.m */,
				27A2C05725C0934A00AAD73C /* AppDelegate.h */,
				27A2C05825C0934A00AAD73C /* AppDelegate.m */,
				273B522825CA5F3E00421B14 /* ScheduleDelegate.h */,
				273B522925CA5F3E00421B14 /* ScheduleDelegate.m */,
				27A2C05C25C0934A00AAD73C /* MainMenu.xib */,
				27F253E925D87F7700243606 /* DirectoryPermissionsWindowController.h */,
				27F253EA25D87F7700243606 /* DirectoryPermissionsWindowController.m */,
				27F253E425D8710400243606 /* DirectoryPermissionsWindow.xib */,
				27A2C06C25C093B400AAD73C /* Supporting Files */,
			);
			path = "Music Library Exporter Helper";
			sourceTree = "<group>";
		};
		27A2C06C25C093B400AAD73C /* Supporting Files */ = {
			isa = PBXGroup;
			children = (
				27A2C05F25C0934B00AAD73C /* Info.plist */,
				27A2C06225C0934B00AAD73C /* Music_Library_Exporter_Helper.entitlements */,
			);
			path = "Supporting Files";
			sourceTree = "<group>";
		};
		27EF9A3D25BF20C60051CE7B /* library-generator */ = {
			isa = PBXGroup;
			children = (
				2705444825B66A0A00FE6D65 /* main.m */,
				271DD27225DBA246009BB292 /* LGDefines.h */,
				271DD27325DBA246009BB292 /* LGDefines.m */,
				271DD26C25DB9FCF009BB292 /* ArgParser.h */,
				271DD26D25DB9FCF009BB292 /* ArgParser.m */,
				2739C5BC25DE29A400C57218 /* LibraryGenerator.h */,
				2739C5BD25DE29A400C57218 /* LibraryGenerator.m */,
			);
			path = "library-generator";
			sourceTree = "<group>";
		};
		27EF9A5E25BF21FE0051CE7B /* 3rd */ = {
			isa = PBXGroup;
			children = (
				270D786825DB682000B3D409 /* ArgumentParser.xcodeproj */,
				276442A025BD3F7600EE217C /* OrderedDictionary.h */,
				276442A125BD3F7600EE217C /* OrderedDictionary.m */,
			);
			path = 3rd;
			sourceTree = "<group>";
		};
		27EF9A6525BF23910051CE7B /* Music Library Exporter */ = {
			isa = PBXGroup;
			children = (
				27EF9A6F25BF23920051CE7B /* main.m */,
				27EF9A6625BF23910051CE7B /* AppDelegate.h */,
				27EF9A6725BF23910051CE7B /* AppDelegate.m */,
				27C0A10225CB0BF100EDDE22 /* HelperDelegate.h */,
				27C0A10325CB0BF100EDDE22 /* HelperDelegate.m */,
				272D6A0D25D1B0F7005023CA /* HourNumberFormatter.h */,
				272D6A0E25D1B0F7005023CA /* HourNumberFormatter.m */,
				2783C75625C4FB60002ED7B7 /* ConfigurationViewController.h */,
				2783C75725C4FB60002ED7B7 /* ConfigurationViewController.m */,
				2783C74825C4FAF2002ED7B7 /* ConfigurationView.xib */,
				276B1AD625D415A2002D7289 /* CheckBoxTableCellView.h */,
				276B1AD725D415A2002D7289 /* CheckBoxTableCellView.m */,
				276B1AE025D42453002D7289 /* PopupButtonTableCellView.h */,
				276B1ADF25D42452002D7289 /* PopupButtonTableCellView.m */,
				2725CA4525D3F2D7002C1203 /* PlaylistsViewController.h */,
				2725CA4625D3F2D7002C1203 /* PlaylistsViewController.m */,
				2725CA4B25D3F65C002C1203 /* PlaylistsView.xib */,
				27EF9A6B25BF23920051CE7B /* MainMenu.xib */,
				27EF9A8225BF24010051CE7B /* Supporting Files */,
			);
			path = "Music Library Exporter";
			sourceTree = "<group>";
		};
		27EF9A8225BF24010051CE7B /* Supporting Files */ = {
			isa = PBXGroup;
			children = (
				27D56E4C25D85A5B00A87B1F /* Credits.rtf */,
				27EF9A6925BF23920051CE7B /* Assets.xcassets */,
				27EF9A6E25BF23920051CE7B /* Info.plist */,
				27EF9A7125BF23920051CE7B /* Music_Library_Exporter.entitlements */,
			);
			path = "Supporting Files";
			sourceTree = "<group>";
		};
/* End PBXGroup section */

/* Begin PBXNativeTarget section */
		2705444425B66A0A00FE6D65 /* library-generator */ = {
			isa = PBXNativeTarget;
			buildConfigurationList = 2705444C25B66A0A00FE6D65 /* Build configuration list for PBXNativeTarget "library-generator" */;
			buildPhases = (
				2705444125B66A0A00FE6D65 /* Sources */,
				2705444225B66A0A00FE6D65 /* Frameworks */,
				2705444325B66A0A00FE6D65 /* CopyFiles */,
			);
			buildRules = (
			);
			dependencies = (
				27B07F9925DD818D003F3378 /* PBXTargetDependency */,
			);
			name = "library-generator";
			productName = "library-generator";
			productReference = 2705444525B66A0A00FE6D65 /* library-generator */;
			productType = "com.apple.product-type.tool";
		};
		27A2C05425C0934A00AAD73C /* Music Library Exporter Helper */ = {
			isa = PBXNativeTarget;
			buildConfigurationList = 27A2C06325C0934B00AAD73C /* Build configuration list for PBXNativeTarget "Music Library Exporter Helper" */;
			buildPhases = (
				27A2C05125C0934A00AAD73C /* Sources */,
				27A2C05225C0934A00AAD73C /* Frameworks */,
				27A2C05325C0934A00AAD73C /* Resources */,
			);
			buildRules = (
			);
			dependencies = (
			);
			name = "Music Library Exporter Helper";
			packageProductDependencies = (
				273E13F225D1C6860012483C /* Sentry */,
			);
			productName = "Music Library Exporter Helper";
			productReference = 27A2C05525C0934A00AAD73C /* Music Library Exporter Helper.app */;
			productType = "com.apple.product-type.application";
		};
		27EF9A6325BF23910051CE7B /* Music Library Exporter */ = {
			isa = PBXNativeTarget;
			buildConfigurationList = 27EF9A7225BF23920051CE7B /* Build configuration list for PBXNativeTarget "Music Library Exporter" */;
			buildPhases = (
				27EF9A6025BF23910051CE7B /* Sources */,
				27EF9A6125BF23910051CE7B /* Frameworks */,
				27EF9A6225BF23910051CE7B /* Resources */,
				27A2C01025C08F6B00AAD73C /* Copy Helper App */,
			);
			buildRules = (
			);
			dependencies = (
				27A2C07125C0943900AAD73C /* PBXTargetDependency */,
			);
			name = "Music Library Exporter";
			packageProductDependencies = (
				273E13ED25D1C6710012483C /* Sentry */,
			);
			productName = "Music Library Exporter";
			productReference = 27EF9A6425BF23910051CE7B /* Music Library Exporter.app */;
			productType = "com.apple.product-type.application";
		};
/* End PBXNativeTarget section */

/* Begin PBXProject section */
		2705443D25B66A0A00FE6D65 /* Project object */ = {
			isa = PBXProject;
			attributes = {
				LastUpgradeCheck = 1240;
				TargetAttributes = {
					2705444425B66A0A00FE6D65 = {
						CreatedOnToolsVersion = 12.3;
					};
					27A2C05425C0934A00AAD73C = {
						CreatedOnToolsVersion = 12.3;
					};
					27EF9A6325BF23910051CE7B = {
						CreatedOnToolsVersion = 12.3;
					};
				};
			};
			buildConfigurationList = 2705444025B66A0A00FE6D65 /* Build configuration list for PBXProject "Music Library Exporter" */;
			compatibilityVersion = "Xcode 9.3";
			developmentRegion = en;
			hasScannedForEncodings = 0;
			knownRegions = (
				en,
				Base,
			);
			mainGroup = 2705443C25B66A0A00FE6D65;
			packageReferences = (
				273E13EC25D1C6710012483C /* XCRemoteSwiftPackageReference "sentry-cocoa" */,
			);
			productRefGroup = 2705444625B66A0A00FE6D65 /* Products */;
			projectDirPath = "";
			projectReferences = (
				{
					ProductGroup = 271DD25025DB9F3C009BB292 /* Products */;
					ProjectRef = 270D786825DB682000B3D409 /* ArgumentParser.xcodeproj */;
				},
			);
			projectRoot = "";
			targets = (
				27EF9A6325BF23910051CE7B /* Music Library Exporter */,
				27A2C05425C0934A00AAD73C /* Music Library Exporter Helper */,
				2705444425B66A0A00FE6D65 /* library-generator */,
			);
		};
/* End PBXProject section */

/* Begin PBXReferenceProxy section */
		271DD25E25DB9F3D009BB292 /* desc */ = {
			isa = PBXReferenceProxy;
			fileType = "compiled.mach-o.executable";
			path = desc;
			remoteRef = 271DD25D25DB9F3D009BB292 /* PBXContainerItemProxy */;
			sourceTree = BUILT_PRODUCTS_DIR;
		};
		271DD26025DB9F3D009BB292 /* long-desc */ = {
			isa = PBXReferenceProxy;
			fileType = "compiled.mach-o.executable";
			path = "long-desc";
			remoteRef = 271DD25F25DB9F3D009BB292 /* PBXContainerItemProxy */;
			sourceTree = BUILT_PRODUCTS_DIR;
		};
		271DD26225DB9F3D009BB292 /* spiffy */ = {
			isa = PBXReferenceProxy;
			fileType = "compiled.mach-o.executable";
			path = spiffy;
			remoteRef = 271DD26125DB9F3D009BB292 /* PBXContainerItemProxy */;
			sourceTree = BUILT_PRODUCTS_DIR;
		};
		271DD26425DB9F3D009BB292 /* ArgumentParser-Dynamic.dylib */ = {
			isa = PBXReferenceProxy;
			fileType = "compiled.mach-o.dylib";
			path = "ArgumentParser-Dynamic.dylib";
			remoteRef = 271DD26325DB9F3D009BB292 /* PBXContainerItemProxy */;
			sourceTree = BUILT_PRODUCTS_DIR;
		};
		271DD26625DB9F3D009BB292 /* libArgumentParser-Static.a */ = {
			isa = PBXReferenceProxy;
			fileType = archive.ar;
			path = "libArgumentParser-Static.a";
			remoteRef = 271DD26525DB9F3D009BB292 /* PBXContainerItemProxy */;
			sourceTree = BUILT_PRODUCTS_DIR;
		};
		271DD26825DB9F3D009BB292 /* ArgumentParser-Dynamic Tests.xctest */ = {
			isa = PBXReferenceProxy;
			fileType = wrapper.cfbundle;
			path = "ArgumentParser-Dynamic Tests.xctest";
			remoteRef = 271DD26725DB9F3D009BB292 /* PBXContainerItemProxy */;
			sourceTree = BUILT_PRODUCTS_DIR;
		};
/* End PBXReferenceProxy section */

/* Begin PBXResourcesBuildPhase section */
		27A2C05325C0934A00AAD73C /* Resources */ = {
			isa = PBXResourcesBuildPhase;
			buildActionMask = 2147483647;
			files = (
				27F253E525D8710400243606 /* DirectoryPermissionsWindow.xib in Resources */,
				27A2C05E25C0934B00AAD73C /* MainMenu.xib in Resources */,
				27D56E5825D85B2700A87B1F /* Credits.rtf in Resources */,
				272C8E9825C0E59C003CBF47 /* Assets.xcassets in Resources */,
			);
			runOnlyForDeploymentPostprocessing = 0;
		};
		27EF9A6225BF23910051CE7B /* Resources */ = {
			isa = PBXResourcesBuildPhase;
			buildActionMask = 2147483647;
			files = (
				27EF9A6A25BF23920051CE7B /* Assets.xcassets in Resources */,
				27D56E5425D85B2700A87B1F /* Credits.rtf in Resources */,
				2783C74925C4FAF2002ED7B7 /* ConfigurationView.xib in Resources */,
				2725CA4C25D3F65C002C1203 /* PlaylistsView.xib in Resources */,
				27EF9A6D25BF23920051CE7B /* MainMenu.xib in Resources */,
			);
			runOnlyForDeploymentPostprocessing = 0;
		};
/* End PBXResourcesBuildPhase section */

/* Begin PBXSourcesBuildPhase section */
		2705444125B66A0A00FE6D65 /* Sources */ = {
			isa = PBXSourcesBuildPhase;
			buildActionMask = 2147483647;
			files = (
				27D6827525D9055300BBF8FE /* Defines.m in Sources */,
				27C52A7425B69C4B00D829F3 /* Utils.m in Sources */,
				276442A225BD3F7600EE217C /* OrderedDictionary.m in Sources */,
				2783C76925C518CC002ED7B7 /* ExportConfiguration.m in Sources */,
				2749619B25CE4FB000B98E11 /* LibraryFilter.m in Sources */,
				27CDC90D25BADAFC0032BF79 /* LibraryParser.m in Sources */,
				2705445925B670E700FE6D65 /* LibrarySerializer.m in Sources */,
				279E326C25E07971008F8C56 /* PlaylistNode.m in Sources */,
				279E327025E07976008F8C56 /* PlaylistTree.m in Sources */,
				271DD27425DBA246009BB292 /* LGDefines.m in Sources */,
				271DD26E25DB9FCF009BB292 /* ArgParser.m in Sources */,
				2739C5C325DE29E400C57218 /* LibraryGenerator.m in Sources */,
				2705444925B66A0A00FE6D65 /* main.m in Sources */,
			);
			runOnlyForDeploymentPostprocessing = 0;
		};
		27A2C05125C0934A00AAD73C /* Sources */ = {
			isa = PBXSourcesBuildPhase;
			buildActionMask = 2147483647;
			files = (
				273B523325CA672300421B14 /* Defines.m in Sources */,
				27A2C08B25C097C000AAD73C /* Utils.m in Sources */,
				27A2C08725C097B600AAD73C /* OrderedDictionary.m in Sources */,
				2783C76825C518CC002ED7B7 /* ExportConfiguration.m in Sources */,
				2749619725CE4FAA00B98E11 /* LibraryFilter.m in Sources */,
				27A2C08C25C097C000AAD73C /* LibraryParser.m in Sources */,
				27A2C08D25C097C000AAD73C /* LibrarySerializer.m in Sources */,
				279E326425E0795B008F8C56 /* PlaylistNode.m in Sources */,
				279E326825E0795D008F8C56 /* PlaylistTree.m in Sources */,
				27F5866025E4661300872731 /* MLESentryHandler.m in Sources */,
				27EC7C6725C8C41800996E9E /* UserDefaultsExportConfiguration.m in Sources */,
				27533C2E25CAA21600A3B4D9 /* ExportDelegate.m in Sources */,
				27C0A0F125CB046500EDDE22 /* ScheduleConfiguration.m in Sources */,
				27F253EB25D87F7700243606 /* DirectoryPermissionsWindowController.m in Sources */,
				27934B5925CB13D500488944 /* ScheduleDelegate.m in Sources */,
				27A2C05925C0934A00AAD73C /* AppDelegate.m in Sources */,
				27A2C06125C0934B00AAD73C /* main.m in Sources */,
			);
			runOnlyForDeploymentPostprocessing = 0;
		};
		27EF9A6025BF23910051CE7B /* Sources */ = {
			isa = PBXSourcesBuildPhase;
			buildActionMask = 2147483647;
			files = (
				273B523725CA672700421B14 /* Defines.m in Sources */,
				27A2BFC325C085E400AAD73C /* Utils.m in Sources */,
				27A2BFC625C085E400AAD73C /* OrderedDictionary.m in Sources */,
				2783C76725C518CC002ED7B7 /* ExportConfiguration.m in Sources */,
				2749619325CE4FA400B98E11 /* LibraryFilter.m in Sources */,
				27A2BFC425C085E400AAD73C /* LibraryParser.m in Sources */,
				27A2BFC525C085E400AAD73C /* LibrarySerializer.m in Sources */,
				276B1AD125D40BB3002D7289 /* PlaylistNode.m in Sources */,
				279E326025E07943008F8C56 /* PlaylistTree.m in Sources */,
				27F5865C25E4660D00872731 /* MLESentryHandler.m in Sources */,
				27EC7C6325C8C41300996E9E /* UserDefaultsExportConfiguration.m in Sources */,
				27533C2A25CAA21300A3B4D9 /* ExportDelegate.m in Sources */,
				27C0A0F525CB046A00EDDE22 /* ScheduleConfiguration.m in Sources */,
				272D6A0F25D1B104005023CA /* HourNumberFormatter.m in Sources */,
				276B1AD825D415A2002D7289 /* CheckBoxTableCellView.m in Sources */,
				276B1AE125D42453002D7289 /* PopupButtonTableCellView.m in Sources */,
				2725CA4725D3F2D7002C1203 /* PlaylistsViewController.m in Sources */,
				2783C75825C4FB60002ED7B7 /* ConfigurationViewController.m in Sources */,
				27C0A10425CB0BF100EDDE22 /* HelperDelegate.m in Sources */,
				27EF9A6825BF23910051CE7B /* AppDelegate.m in Sources */,
				27EF9A7025BF23920051CE7B /* main.m in Sources */,
			);
			runOnlyForDeploymentPostprocessing = 0;
		};
/* End PBXSourcesBuildPhase section */

/* Begin PBXTargetDependency section */
		27A2C07125C0943900AAD73C /* PBXTargetDependency */ = {
			isa = PBXTargetDependency;
			target = 27A2C05425C0934A00AAD73C /* Music Library Exporter Helper */;
			targetProxy = 27A2C07025C0943900AAD73C /* PBXContainerItemProxy */;
		};
		27B07F9925DD818D003F3378 /* PBXTargetDependency */ = {
			isa = PBXTargetDependency;
			name = "ArgumentParser-Static";
			targetProxy = 27B07F9825DD818D003F3378 /* PBXContainerItemProxy */;
		};
/* End PBXTargetDependency section */

/* Begin PBXVariantGroup section */
		27A2C05C25C0934A00AAD73C /* MainMenu.xib */ = {
			isa = PBXVariantGroup;
			children = (
				27A2C05D25C0934B00AAD73C /* Base */,
			);
			name = MainMenu.xib;
			sourceTree = "<group>";
		};
		27EF9A6B25BF23920051CE7B /* MainMenu.xib */ = {
			isa = PBXVariantGroup;
			children = (
				27EF9A6C25BF23920051CE7B /* Base */,
			);
			name = MainMenu.xib;
			sourceTree = "<group>";
		};
/* End PBXVariantGroup section */

/* Begin XCBuildConfiguration section */
		2705444A25B66A0A00FE6D65 /* Debug */ = {
			isa = XCBuildConfiguration;
			baseConfigurationReference = 2749612025CE2A1700B98E11 /* Debug.xcconfig */;
			buildSettings = {
			};
			name = Debug;
		};
		2705444B25B66A0A00FE6D65 /* Release */ = {
			isa = XCBuildConfiguration;
			baseConfigurationReference = 2749612125CE2A1700B98E11 /* Release.xcconfig */;
			buildSettings = {
			};
			name = Release;
		};
		2705444D25B66A0A00FE6D65 /* Debug */ = {
			isa = XCBuildConfiguration;
			baseConfigurationReference = 2749611925CE2A1700B98E11 /* library-generator.xcconfig */;
			buildSettings = {
			};
			name = Debug;
		};
		2705444E25B66A0A00FE6D65 /* Release */ = {
			isa = XCBuildConfiguration;
			baseConfigurationReference = 2749611925CE2A1700B98E11 /* library-generator.xcconfig */;
			buildSettings = {
			};
			name = Release;
		};
		27A2C06425C0934B00AAD73C /* Debug */ = {
			isa = XCBuildConfiguration;
			baseConfigurationReference = 2749611525CE2A1700B98E11 /* Music Library Exporter Helper.xcconfig */;
			buildSettings = {
			};
			name = Debug;
		};
		27A2C06525C0934B00AAD73C /* Release */ = {
			isa = XCBuildConfiguration;
			baseConfigurationReference = 2749611525CE2A1700B98E11 /* Music Library Exporter Helper.xcconfig */;
			buildSettings = {
			};
			name = Release;
		};
		27EF9A7325BF23920051CE7B /* Debug */ = {
			isa = XCBuildConfiguration;
			baseConfigurationReference = 2749611725CE2A1700B98E11 /* Music Library Exporter.xcconfig */;
			buildSettings = {
			};
			name = Debug;
		};
		27EF9A7425BF23920051CE7B /* Release */ = {
			isa = XCBuildConfiguration;
			baseConfigurationReference = 2749611725CE2A1700B98E11 /* Music Library Exporter.xcconfig */;
			buildSettings = {
			};
			name = Release;
		};
/* End XCBuildConfiguration section */

/* Begin XCConfigurationList section */
		2705444025B66A0A00FE6D65 /* Build configuration list for PBXProject "Music Library Exporter" */ = {
			isa = XCConfigurationList;
			buildConfigurations = (
				2705444A25B66A0A00FE6D65 /* Debug */,
				2705444B25B66A0A00FE6D65 /* Release */,
			);
			defaultConfigurationIsVisible = 0;
			defaultConfigurationName = Release;
		};
		2705444C25B66A0A00FE6D65 /* Build configuration list for PBXNativeTarget "library-generator" */ = {
			isa = XCConfigurationList;
			buildConfigurations = (
				2705444D25B66A0A00FE6D65 /* Debug */,
				2705444E25B66A0A00FE6D65 /* Release */,
			);
			defaultConfigurationIsVisible = 0;
			defaultConfigurationName = Release;
		};
		27A2C06325C0934B00AAD73C /* Build configuration list for PBXNativeTarget "Music Library Exporter Helper" */ = {
			isa = XCConfigurationList;
			buildConfigurations = (
				27A2C06425C0934B00AAD73C /* Debug */,
				27A2C06525C0934B00AAD73C /* Release */,
			);
			defaultConfigurationIsVisible = 0;
			defaultConfigurationName = Release;
		};
		27EF9A7225BF23920051CE7B /* Build configuration list for PBXNativeTarget "Music Library Exporter" */ = {
			isa = XCConfigurationList;
			buildConfigurations = (
				27EF9A7325BF23920051CE7B /* Debug */,
				27EF9A7425BF23920051CE7B /* Release */,
			);
			defaultConfigurationIsVisible = 0;
			defaultConfigurationName = Release;
		};
/* End XCConfigurationList section */

/* Begin XCRemoteSwiftPackageReference section */
		273E13EC25D1C6710012483C /* XCRemoteSwiftPackageReference "sentry-cocoa" */ = {
			isa = XCRemoteSwiftPackageReference;
			repositoryURL = "https://github.com/getsentry/sentry-cocoa.git";
			requirement = {
				kind = upToNextMajorVersion;
				minimumVersion = 6.1.4;
			};
		};
/* End XCRemoteSwiftPackageReference section */

/* Begin XCSwiftPackageProductDependency section */
		273E13ED25D1C6710012483C /* Sentry */ = {
			isa = XCSwiftPackageProductDependency;
			package = 273E13EC25D1C6710012483C /* XCRemoteSwiftPackageReference "sentry-cocoa" */;
			productName = Sentry;
		};
		273E13F225D1C6860012483C /* Sentry */ = {
			isa = XCSwiftPackageProductDependency;
			package = 273E13EC25D1C6710012483C /* XCRemoteSwiftPackageReference "sentry-cocoa" */;
			productName = Sentry;
		};
/* End XCSwiftPackageProductDependency section */
	};
	rootObject = 2705443D25B66A0A00FE6D65 /* Project object */;
}
