{
  "object": {
    "pins": [
      {
        "package": "Sentry",
        "repositoryURL": "https://github.com/getsentry/sentry-cocoa.git",
        "state": {
          "branch": null,
          "revision": "946cbb6daccedf40d652a12138f78e96f660e1ad",
          "version": "6.2.1"
        }
      }
    ]
  },
  "version": 1
}
